// !$*UTF8*$!
{
	archiveVersion = 1;
	classes = {
	};
	objectVersion = 56;
	objects = {

/* Begin PBXBuildFile section */
		F507D0F92A239197006F244D /* AppDelegate.swift in Sources */ = {isa = PBXBuildFile; fileRef = F507D0F82A239197006F244D /* AppDelegate.swift */; };
		F507D0FB2A239197006F244D /* SceneDelegate.swift in Sources */ = {isa = PBXBuildFile; fileRef = F507D0FA2A239197006F244D /* SceneDelegate.swift */; };
		F507D1022A239197006F244D /* Assets.xcassets in Resources */ = {isa = PBXBuildFile; fileRef = F507D1012A239197006F244D /* Assets.xcassets */; };
		F507D1052A239197006F244D /* LaunchScreen.storyboard in Resources */ = {isa = PBXBuildFile; fileRef = F507D1032A239197006F244D /* LaunchScreen.storyboard */; };
		F507D10D2A239396006F244D /* BeerListViewController.swift in Sources */ = {isa = PBXBuildFile; fileRef = F507D10C2A239396006F244D /* BeerListViewController.swift */; };
		F507D1102A239447006F244D /* SnapKit in Frameworks */ = {isa = PBXBuildFile; productRef = F507D10F2A239447006F244D /* SnapKit */; };
		F507D1132A2394E1006F244D /* Kingfisher in Frameworks */ = {isa = PBXBuildFile; productRef = F507D1122A2394E1006F244D /* Kingfisher */; };
		F507D1192A23BCB1006F244D /* Beer.swift in Sources */ = {isa = PBXBuildFile; fileRef = F507D1182A23BCB1006F244D /* Beer.swift */; };
		F507D11B2A23BE3F006F244D /* BeerListCell.swift in Sources */ = {isa = PBXBuildFile; fileRef = F507D11A2A23BE3F006F244D /* BeerListCell.swift */; };
		F507D11D2A23C111006F244D /* IdentifierProtocol.swift in Sources */ = {isa = PBXBuildFile; fileRef = F507D11C2A23C111006F244D /* IdentifierProtocol.swift */; };
		F507D1222A23C405006F244D /* BeerDetailViewController.swift in Sources */ = {isa = PBXBuildFile; fileRef = F507D1212A23C405006F244D /* BeerDetailViewController.swift */; };
/* End PBXBuildFile section */

/* Begin PBXFileReference section */
		F507D0F52A239197006F244D /* Brewery.app */ = {isa = PBXFileReference; explicitFileType = wrapper.application; includeInIndex = 0; path = Brewery.app; sourceTree = BUILT_PRODUCTS_DIR; };
		F507D0F82A239197006F244D /* AppDelegate.swift */ = {isa = PBXFileReference; lastKnownFileType = sourcecode.swift; path = AppDelegate.swift; sourceTree = "<group>"; };
		F507D0FA2A239197006F244D /* SceneDelegate.swift */ = {isa = PBXFileReference; lastKnownFileType = sourcecode.swift; path = SceneDelegate.swift; sourceTree = "<group>"; };
		F507D1012A239197006F244D /* Assets.xcassets */ = {isa = PBXFileReference; lastKnownFileType = folder.assetcatalog; path = Assets.xcassets; sourceTree = "<group>"; };
		F507D1042A239197006F244D /* Base */ = {isa = PBXFileReference; lastKnownFileType = file.storyboard; name = Base; path = Base.lproj/LaunchScreen.storyboard; sourceTree = "<group>"; };
		F507D1062A239197006F244D /* Info.plist */ = {isa = PBXFileReference; lastKnownFileType = text.plist.xml; path = Info.plist; sourceTree = "<group>"; };
		F507D10C2A239396006F244D /* BeerListViewController.swift */ = {isa = PBXFileReference; lastKnownFileType = sourcecode.swift; path = BeerListViewController.swift; sourceTree = "<group>"; };
		F507D1182A23BCB1006F244D /* Beer.swift */ = {isa = PBXFileReference; lastKnownFileType = sourcecode.swift; path = Beer.swift; sourceTree = "<group>"; };
		F507D11A2A23BE3F006F244D /* BeerListCell.swift */ = {isa = PBXFileReference; lastKnownFileType = sourcecode.swift; path = BeerListCell.swift; sourceTree = "<group>"; };
		F507D11C2A23C111006F244D /* IdentifierProtocol.swift */ = {isa = PBXFileReference; lastKnownFileType = sourcecode.swift; path = IdentifierProtocol.swift; sourceTree = "<group>"; };
		F507D1212A23C405006F244D /* BeerDetailViewController.swift */ = {isa = PBXFileReference; lastKnownFileType = sourcecode.swift; path = BeerDetailViewController.swift; sourceTree = "<group>"; };
/* End PBXFileReference section */

/* Begin PBXFrameworksBuildPhase section */
		F507D0F22A239197006F244D /* Frameworks */ = {
			isa = PBXFrameworksBuildPhase;
			buildActionMask = 2147483647;
			files = (
				F507D1132A2394E1006F244D /* Kingfisher in Frameworks */,
				F507D1102A239447006F244D /* SnapKit in Frameworks */,
			);
			runOnlyForDeploymentPostprocessing = 0;
		};
/* End PBXFrameworksBuildPhase section */

/* Begin PBXGroup section */
		F507D0EC2A239197006F244D = {
			isa = PBXGroup;
			children = (
				F507D0F72A239197006F244D /* Brewery */,
				F507D0F62A239197006F244D /* Products */,
			);
			sourceTree = "<group>";
		};
		F507D0F62A239197006F244D /* Products */ = {
			isa = PBXGroup;
			children = (
				F507D0F52A239197006F244D /* Brewery.app */,
			);
			name = Products;
			sourceTree = "<group>";
		};
		F507D0F72A239197006F244D /* Brewery */ = {
			isa = PBXGroup;
			children = (
				F507D11E2A23C240006F244D /* controller */,
				F507D11F2A23C24E006F244D /* etc */,
				F507D1202A23C2AE006F244D /* view */,
				F507D0F82A239197006F244D /* AppDelegate.swift */,
				F507D0FA2A239197006F244D /* SceneDelegate.swift */,
				F507D1012A239197006F244D /* Assets.xcassets */,
				F507D1032A239197006F244D /* LaunchScreen.storyboard */,
				F507D1062A239197006F244D /* Info.plist */,
			);
			path = Brewery;
			sourceTree = "<group>";
		};
		F507D11E2A23C240006F244D /* controller */ = {
			isa = PBXGroup;
			children = (
				F507D10C2A239396006F244D /* BeerListViewController.swift */,
				F507D1212A23C405006F244D /* BeerDetailViewController.swift */,
			);
			path = controller;
			sourceTree = "<group>";
		};
		F507D11F2A23C24E006F244D /* etc */ = {
			isa = PBXGroup;
			children = (
				F507D1182A23BCB1006F244D /* Beer.swift */,
				F507D11C2A23C111006F244D /* IdentifierProtocol.swift */,
			);
			path = etc;
			sourceTree = "<group>";
		};
		F507D1202A23C2AE006F244D /* view */ = {
			isa = PBXGroup;
			children = (
				F507D11A2A23BE3F006F244D /* BeerListCell.swift */,
			);
			name = view;
			sourceTree = "<group>";
		};
/* End PBXGroup section */

/* Begin PBXNativeTarget section */
		F507D0F42A239197006F244D /* Brewery */ = {
			isa = PBXNativeTarget;
			buildConfigurationList = F507D1092A239197006F244D /* Build configuration list for PBXNativeTarget "Brewery" */;
			buildPhases = (
				F507D0F12A239197006F244D /* Sources */,
				F507D0F22A239197006F244D /* Frameworks */,
				F507D0F32A239197006F244D /* Resources */,
			);
			buildRules = (
			);
			dependencies = (
			);
			name = Brewery;
			packageProductDependencies = (
				F507D10F2A239447006F244D /* SnapKit */,
				F507D1122A2394E1006F244D /* Kingfisher */,
			);
			productName = Brewery;
			productReference = F507D0F52A239197006F244D /* Brewery.app */;
			productType = "com.apple.product-type.application";
		};
/* End PBXNativeTarget section */

/* Begin PBXProject section */
		F507D0ED2A239197006F244D /* Project object */ = {
			isa = PBXProject;
			attributes = {
				BuildIndependentTargetsInParallel = 1;
				LastSwiftUpdateCheck = 1430;
				LastUpgradeCheck = 1430;
				TargetAttributes = {
					F507D0F42A239197006F244D = {
						CreatedOnToolsVersion = 14.3;
					};
				};
			};
			buildConfigurationList = F507D0F02A239197006F244D /* Build configuration list for PBXProject "Brewery" */;
			compatibilityVersion = "Xcode 14.0";
			developmentRegion = en;
			hasScannedForEncodings = 0;
			knownRegions = (
				en,
				Base,
			);
			mainGroup = F507D0EC2A239197006F244D;
			packageReferences = (
				F507D10E2A239447006F244D /* XCRemoteSwiftPackageReference "SnapKit" */,
				F507D1112A2394E1006F244D /* XCRemoteSwiftPackageReference "Kingfisher" */,
			);
			productRefGroup = F507D0F62A239197006F244D /* Products */;
			projectDirPath = "";
			projectRoot = "";
			targets = (
				F507D0F42A239197006F244D /* Brewery */,
			);
		};
/* End PBXProject section */

/* Begin PBXResourcesBuildPhase section */
		F507D0F32A239197006F244D /* Resources */ = {
			isa = PBXResourcesBuildPhase;
			buildActionMask = 2147483647;
			files = (
				F507D1052A239197006F244D /* LaunchScreen.storyboard in Resources */,
				F507D1022A239197006F244D /* Assets.xcassets in Resources */,
			);
			runOnlyForDeploymentPostprocessing = 0;
		};
/* End PBXResourcesBuildPhase section */

/* Begin PBXSourcesBuildPhase section */
		F507D0F12A239197006F244D /* Sources */ = {
			isa = PBXSourcesBuildPhase;
			buildActionMask = 2147483647;
			files = (
				F507D1222A23C405006F244D /* BeerDetailViewController.swift in Sources */,
				F507D10D2A239396006F244D /* BeerListViewController.swift in Sources */,
				F507D0F92A239197006F244D /* AppDelegate.swift in Sources */,
				F507D11B2A23BE3F006F244D /* BeerListCell.swift in Sources */,
				F507D0FB2A239197006F244D /* SceneDelegate.swift in Sources */,
				F507D1192A23BCB1006F244D /* Beer.swift in Sources */,
				F507D11D2A23C111006F244D /* IdentifierProtocol.swift in Sources */,
			);
			runOnlyForDeploymentPostprocessing = 0;
		};
/* End PBXSourcesBuildPhase section */

/* Begin PBXVariantGroup section */
		F507D1032A239197006F244D /* LaunchScreen.storyboard */ = {
			isa = PBXVariantGroup;
			children = (
				F507D1042A239197006F244D /* Base */,
			);
			name = LaunchScreen.storyboard;
			sourceTree = "<group>";
		};
/* End PBXVariantGroup section */

/* Begin XCBuildConfiguration section */
		F507D1072A239197006F244D /* Debug */ = {
			isa = XCBuildConfiguration;
			buildSettings = {
				ALWAYS_SEARCH_USER_PATHS = NO;
				CLANG_ANALYZER_NONNULL = YES;
				CLANG_ANALYZER_NUMBER_OBJECT_CONVERSION = YES_AGGRESSIVE;
				CLANG_CXX_LANGUAGE_STANDARD = "gnu++20";
				CLANG_ENABLE_MODULES = YES;
				CLANG_ENABLE_OBJC_ARC = YES;
				CLANG_ENABLE_OBJC_WEAK = YES;
				CLANG_WARN_BLOCK_CAPTURE_AUTORELEASING = YES;
				CLANG_WARN_BOOL_CONVERSION = YES;
				CLANG_WARN_COMMA = YES;
				CLANG_WARN_CONSTANT_CONVERSION = YES;
				CLANG_WARN_DEPRECATED_OBJC_IMPLEMENTATIONS = YES;
				CLANG_WARN_DIRECT_OBJC_ISA_USAGE = YES_ERROR;
				CLANG_WARN_DOCUMENTATION_COMMENTS = YES;
				CLANG_WARN_EMPTY_BODY = YES;
				CLANG_WARN_ENUM_CONVERSION = YES;
				CLANG_WARN_INFINITE_RECURSION = YES;
				CLANG_WARN_INT_CONVERSION = YES;
				CLANG_WARN_NON_LITERAL_NULL_CONVERSION = YES;
				CLANG_WARN_OBJC_IMPLICIT_RETAIN_SELF = YES;
				CLANG_WARN_OBJC_LITERAL_CONVERSION = YES;
				CLANG_WARN_OBJC_ROOT_CLASS = YES_ERROR;
				CLANG_WARN_QUOTED_INCLUDE_IN_FRAMEWORK_HEADER = YES;
				CLANG_WARN_RANGE_LOOP_ANALYSIS = YES;
				CLANG_WARN_STRICT_PROTOTYPES = YES;
				CLANG_WARN_SUSPICIOUS_MOVE = YES;
				CLANG_WARN_UNGUARDED_AVAILABILITY = YES_AGGRESSIVE;
				CLANG_WARN_UNREACHABLE_CODE = YES;
				CLANG_WARN__DUPLICATE_METHOD_MATCH = YES;
				COPY_PHASE_STRIP = NO;
				DEBUG_INFORMATION_FORMAT = dwarf;
				ENABLE_STRICT_OBJC_MSGSEND = YES;
				ENABLE_TESTABILITY = YES;
				GCC_C_LANGUAGE_STANDARD = gnu11;
				GCC_DYNAMIC_NO_PIC = NO;
				GCC_NO_COMMON_BLOCKS = YES;
				GCC_OPTIMIZATION_LEVEL = 0;
				GCC_PREPROCESSOR_DEFINITIONS = (
					"DEBUG=1",
					"$(inherited)",
				);
				GCC_WARN_64_TO_32_BIT_CONVERSION = YES;
				GCC_WARN_ABOUT_RETURN_TYPE = YES_ERROR;
				GCC_WARN_UNDECLARED_SELECTOR = YES;
				GCC_WARN_UNINITIALIZED_AUTOS = YES_AGGRESSIVE;
				GCC_WARN_UNUSED_FUNCTION = YES;
				GCC_WARN_UNUSED_VARIABLE = YES;
				IPHONEOS_DEPLOYMENT_TARGET = 16.4;
				MTL_ENABLE_DEBUG_INFO = INCLUDE_SOURCE;
				MTL_FAST_MATH = YES;
				ONLY_ACTIVE_ARCH = YES;
				SDKROOT = iphoneos;
				SWIFT_ACTIVE_COMPILATION_CONDITIONS = DEBUG;
				SWIFT_OPTIMIZATION_LEVEL = "-Onone";
			};
			name = Debug;
		};
		F507D1082A239197006F244D /* Release */ = {
			isa = XCBuildConfiguration;
			buildSettings = {
				ALWAYS_SEARCH_USER_PATHS = NO;
				CLANG_ANALYZER_NONNULL = YES;
				CLANG_ANALYZER_NUMBER_OBJECT_CONVERSION = YES_AGGRESSIVE;
				CLANG_CXX_LANGUAGE_STANDARD = "gnu++20";
				CLANG_ENABLE_MODULES = YES;
				CLANG_ENABLE_OBJC_ARC = YES;
				CLANG_ENABLE_OBJC_WEAK = YES;
				CLANG_WARN_BLOCK_CAPTURE_AUTORELEASING = YES;
				CLANG_WARN_BOOL_CONVERSION = YES;
				CLANG_WARN_COMMA = YES;
				CLANG_WARN_CONSTANT_CONVERSION = YES;
				CLANG_WARN_DEPRECATED_OBJC_IMPLEMENTATIONS = YES;
				CLANG_WARN_DIRECT_OBJC_ISA_USAGE = YES_ERROR;
				CLANG_WARN_DOCUMENTATION_COMMENTS = YES;
				CLANG_WARN_EMPTY_BODY = YES;
				CLANG_WARN_ENUM_CONVERSION = YES;
				CLANG_WARN_INFINITE_RECURSION = YES;
				CLANG_WARN_INT_CONVERSION = YES;
				CLANG_WARN_NON_LITERAL_NULL_CONVERSION = YES;
				CLANG_WARN_OBJC_IMPLICIT_RETAIN_SELF = YES;
				CLANG_WARN_OBJC_LITERAL_CONVERSION = YES;
				CLANG_WARN_OBJC_ROOT_CLASS = YES_ERROR;
				CLANG_WARN_QUOTED_INCLUDE_IN_FRAMEWORK_HEADER = YES;
				CLANG_WARN_RANGE_LOOP_ANALYSIS = YES;
				CLANG_WARN_STRICT_PROTOTYPES = YES;
				CLANG_WARN_SUSPICIOUS_MOVE = YES;
				CLANG_WARN_UNGUARDED_AVAILABILITY = YES_AGGRESSIVE;
				CLANG_WARN_UNREACHABLE_CODE = YES;
				CLANG_WARN__DUPLICATE_METHOD_MATCH = YES;
				COPY_PHASE_STRIP = NO;
				DEBUG_INFORMATION_FORMAT = "dwarf-with-dsym";
				ENABLE_NS_ASSERTIONS = NO;
				ENABLE_STRICT_OBJC_MSGSEND = YES;
				GCC_C_LANGUAGE_STANDARD = gnu11;
				GCC_NO_COMMON_BLOCKS = YES;
				GCC_WARN_64_TO_32_BIT_CONVERSION = YES;
				GCC_WARN_ABOUT_RETURN_TYPE = YES_ERROR;
				GCC_WARN_UNDECLARED_SELECTOR = YES;
				GCC_WARN_UNINITIALIZED_AUTOS = YES_AGGRESSIVE;
				GCC_WARN_UNUSED_FUNCTION = YES;
				GCC_WARN_UNUSED_VARIABLE = YES;
				IPHONEOS_DEPLOYMENT_TARGET = 16.4;
				MTL_ENABLE_DEBUG_INFO = NO;
				MTL_FAST_MATH = YES;
				SDKROOT = iphoneos;
				SWIFT_COMPILATION_MODE = wholemodule;
				SWIFT_OPTIMIZATION_LEVEL = "-O";
				VALIDATE_PRODUCT = YES;
			};
			name = Release;
		};
		F507D10A2A239197006F244D /* Debug */ = {
			isa = XCBuildConfiguration;
			buildSettings = {
				ASSETCATALOG_COMPILER_APPICON_NAME = AppIcon;
				ASSETCATALOG_COMPILER_GLOBAL_ACCENT_COLOR_NAME = AccentColor;
				CODE_SIGN_STYLE = Automatic;
				CURRENT_PROJECT_VERSION = 1;
				DEVELOPMENT_TEAM = XYC727LR27;
				GENERATE_INFOPLIST_FILE = YES;
				INFOPLIST_FILE = Brewery/Info.plist;
				INFOPLIST_KEY_UIApplicationSupportsIndirectInputEvents = YES;
				INFOPLIST_KEY_UILaunchStoryboardName = LaunchScreen;
				INFOPLIST_KEY_UISupportedInterfaceOrientations_iPad = "UIInterfaceOrientationPortrait UIInterfaceOrientationPortraitUpsideDown UIInterfaceOrientationLandscapeLeft UIInterfaceOrientationLandscapeRight";
				INFOPLIST_KEY_UISupportedInterfaceOrientations_iPhone = "UIInterfaceOrientationPortrait UIInterfaceOrientationLandscapeLeft UIInterfaceOrientationLandscapeRight";
				LD_RUNPATH_SEARCH_PATHS = (
					"$(inherited)",
					"@executable_path/Frameworks",
				);
				MARKETING_VERSION = 1.0;
				PRODUCT_BUNDLE_IDENTIFIER = sso.Brewery;
				PRODUCT_NAME = "$(TARGET_NAME)";
				SWIFT_EMIT_LOC_STRINGS = YES;
				SWIFT_VERSION = 5.0;
				TARGETED_DEVICE_FAMILY = "1,2";
			};
			name = Debug;
		};
		F507D10B2A239197006F244D /* Release */ = {
			isa = XCBuildConfiguration;
			buildSettings = {
				ASSETCATALOG_COMPILER_APPICON_NAME = AppIcon;
				ASSETCATALOG_COMPILER_GLOBAL_ACCENT_COLOR_NAME = AccentColor;
				CODE_SIGN_STYLE = Automatic;
				CURRENT_PROJECT_VERSION = 1;
				DEVELOPMENT_TEAM = XYC727LR27;
				GENERATE_INFOPLIST_FILE = YES;
				INFOPLIST_FILE = Brewery/Info.plist;
				INFOPLIST_KEY_UIApplicationSupportsIndirectInputEvents = YES;
				INFOPLIST_KEY_UILaunchStoryboardName = LaunchScreen;
				INFOPLIST_KEY_UISupportedInterfaceOrientations_iPad = "UIInterfaceOrientationPortrait UIInterfaceOrientationPortraitUpsideDown UIInterfaceOrientationLandscapeLeft UIInterfaceOrientationLandscapeRight";
				INFOPLIST_KEY_UISupportedInterfaceOrientations_iPhone = "UIInterfaceOrientationPortrait UIInterfaceOrientationLandscapeLeft UIInterfaceOrientationLandscapeRight";
				LD_RUNPATH_SEARCH_PATHS = (
					"$(inherited)",
					"@executable_path/Frameworks",
				);
				MARKETING_VERSION = 1.0;
				PRODUCT_BUNDLE_IDENTIFIER = sso.Brewery;
				PRODUCT_NAME = "$(TARGET_NAME)";
				SWIFT_EMIT_LOC_STRINGS = YES;
				SWIFT_VERSION = 5.0;
				TARGETED_DEVICE_FAMILY = "1,2";
			};
			name = Release;
		};
/* End XCBuildConfiguration section */

/* Begin XCConfigurationList section */
		F507D0F02A239197006F244D /* Build configuration list for PBXProject "Brewery" */ = {
			isa = XCConfigurationList;
			buildConfigurations = (
				F507D1072A239197006F244D /* Debug */,
				F507D1082A239197006F244D /* Release */,
			);
			defaultConfigurationIsVisible = 0;
			defaultConfigurationName = Release;
		};
		F507D1092A239197006F244D /* Build configuration list for PBXNativeTarget "Brewery" */ = {
			isa = XCConfigurationList;
			buildConfigurations = (
				F507D10A2A239197006F244D /* Debug */,
				F507D10B2A239197006F244D /* Release */,
			);
			defaultConfigurationIsVisible = 0;
			defaultConfigurationName = Release;
		};
/* End XCConfigurationList section */

/* Begin XCRemoteSwiftPackageReference section */
		F507D10E2A239447006F244D /* XCRemoteSwiftPackageReference "SnapKit" */ = {
			isa = XCRemoteSwiftPackageReference;
			repositoryURL = "https://github.com/SnapKit/SnapKit.git";
			requirement = {
				kind = upToNextMajorVersion;
				minimumVersion = 5.0.0;
			};
		};
		F507D1112A2394E1006F244D /* XCRemoteSwiftPackageReference "Kingfisher" */ = {
			isa = XCRemoteSwiftPackageReference;
			repositoryURL = "https://github.com/onevcat/Kingfisher.git";
			requirement = {
				kind = upToNextMajorVersion;
				minimumVersion = 7.0.0;
			};
		};
/* End XCRemoteSwiftPackageReference section */

/* Begin XCSwiftPackageProductDependency section */
		F507D10F2A239447006F244D /* SnapKit */ = {
			isa = XCSwiftPackageProductDependency;
			package = F507D10E2A239447006F244D /* XCRemoteSwiftPackageReference "SnapKit" */;
			productName = SnapKit;
		};
		F507D1122A2394E1006F244D /* Kingfisher */ = {
			isa = XCSwiftPackageProductDependency;
			package = F507D1112A2394E1006F244D /* XCRemoteSwiftPackageReference "Kingfisher" */;
			productName = Kingfisher;
		};
/* End XCSwiftPackageProductDependency section */
	};
	rootObject = F507D0ED2A239197006F244D /* Project object */;
}
