// !$*UTF8*$!
{
	archiveVersion = 1;
	classes = {
	};
	objectVersion = 56;
	objects = {

/* Begin PBXBuildFile section */
		F5548EAC2A73943F001E2B4F /* SearchBarViewModel.swift in Sources */ = {isa = PBXBuildFile; fileRef = F5548EAB2A73943F001E2B4F /* SearchBarViewModel.swift */; };
		F5548EAE2A739576001E2B4F /* FilterViewModel.swift in Sources */ = {isa = PBXBuildFile; fileRef = F5548EAD2A739576001E2B4F /* FilterViewModel.swift */; };
		F5548EB12A7395F0001E2B4F /* BlogListViewModel.swift in Sources */ = {isa = PBXBuildFile; fileRef = F5548EB02A7395F0001E2B4F /* BlogListViewModel.swift */; };
		F5548EB32A7396B5001E2B4F /* MainViewModel.swift in Sources */ = {isa = PBXBuildFile; fileRef = F5548EB22A7396B5001E2B4F /* MainViewModel.swift */; };
		F5548EB52A739989001E2B4F /* MainModel.swift in Sources */ = {isa = PBXBuildFile; fileRef = F5548EB42A739989001E2B4F /* MainModel.swift */; };
		F5983C3D2A70057D0067083E /* AppDelegate.swift in Sources */ = {isa = PBXBuildFile; fileRef = F5983C3C2A70057D0067083E /* AppDelegate.swift */; };
		F5983C3F2A70057D0067083E /* SceneDelegate.swift in Sources */ = {isa = PBXBuildFile; fileRef = F5983C3E2A70057D0067083E /* SceneDelegate.swift */; };
		F5983C462A70057E0067083E /* Assets.xcassets in Resources */ = {isa = PBXBuildFile; fileRef = F5983C452A70057E0067083E /* Assets.xcassets */; };
		F5983C492A70057E0067083E /* LaunchScreen.storyboard in Resources */ = {isa = PBXBuildFile; fileRef = F5983C472A70057E0067083E /* LaunchScreen.storyboard */; };
		F5983C522A7005C50067083E /* RxCocoa in Frameworks */ = {isa = PBXBuildFile; productRef = F5983C512A7005C50067083E /* RxCocoa */; };
		F5983C542A7005C50067083E /* RxRelay in Frameworks */ = {isa = PBXBuildFile; productRef = F5983C532A7005C50067083E /* RxRelay */; };
		F5983C562A7005C50067083E /* RxSwift in Frameworks */ = {isa = PBXBuildFile; productRef = F5983C552A7005C50067083E /* RxSwift */; };
		F5983C592A7005F30067083E /* Kingfisher in Frameworks */ = {isa = PBXBuildFile; productRef = F5983C582A7005F30067083E /* Kingfisher */; };
		F5983C5C2A7006080067083E /* SnapKit in Frameworks */ = {isa = PBXBuildFile; productRef = F5983C5B2A7006080067083E /* SnapKit */; };
		F5983C5E2A7006800067083E /* MainViewController.swift in Sources */ = {isa = PBXBuildFile; fileRef = F5983C5D2A7006800067083E /* MainViewController.swift */; };
		F5983C602A7008270067083E /* SearchBar.swift in Sources */ = {isa = PBXBuildFile; fileRef = F5983C5F2A7008270067083E /* SearchBar.swift */; };
		F5983C622A700C040067083E /* FilterView.swift in Sources */ = {isa = PBXBuildFile; fileRef = F5983C612A700C040067083E /* FilterView.swift */; };
		F5983C642A70A58F0067083E /* BlogListView.swift in Sources */ = {isa = PBXBuildFile; fileRef = F5983C632A70A58F0067083E /* BlogListView.swift */; };
		F5983C662A70A5E10067083E /* BlogListCell.swift in Sources */ = {isa = PBXBuildFile; fileRef = F5983C652A70A5E10067083E /* BlogListCell.swift */; };
		F5983C682A70A5EA0067083E /* BlogListCellData.swift in Sources */ = {isa = PBXBuildFile; fileRef = F5983C672A70A5EA0067083E /* BlogListCellData.swift */; };
		F5983C712A70AF790067083E /* AlertACtionConvertible.swift in Sources */ = {isa = PBXBuildFile; fileRef = F5983C702A70AF790067083E /* AlertACtionConvertible.swift */; };
		F599BB9C2A7202AE001EF635 /* DKBlog.swift in Sources */ = {isa = PBXBuildFile; fileRef = F599BB9B2A7202AE001EF635 /* DKBlog.swift */; };
		F599BB9E2A720553001EF635 /* SearchBlogAPI.swift in Sources */ = {isa = PBXBuildFile; fileRef = F599BB9D2A720553001EF635 /* SearchBlogAPI.swift */; };
		F599BBA12A720636001EF635 /* SearchBlogNetwork.swift in Sources */ = {isa = PBXBuildFile; fileRef = F599BBA02A720636001EF635 /* SearchBlogNetwork.swift */; };
/* End PBXBuildFile section */

/* Begin PBXFileReference section */
		F5548EAB2A73943F001E2B4F /* SearchBarViewModel.swift */ = {isa = PBXFileReference; lastKnownFileType = sourcecode.swift; path = SearchBarViewModel.swift; sourceTree = "<group>"; };
		F5548EAD2A739576001E2B4F /* FilterViewModel.swift */ = {isa = PBXFileReference; lastKnownFileType = sourcecode.swift; path = FilterViewModel.swift; sourceTree = "<group>"; };
		F5548EB02A7395F0001E2B4F /* BlogListViewModel.swift */ = {isa = PBXFileReference; lastKnownFileType = sourcecode.swift; path = BlogListViewModel.swift; sourceTree = "<group>"; };
		F5548EB22A7396B5001E2B4F /* MainViewModel.swift */ = {isa = PBXFileReference; lastKnownFileType = sourcecode.swift; path = MainViewModel.swift; sourceTree = "<group>"; };
		F5548EB42A739989001E2B4F /* MainModel.swift */ = {isa = PBXFileReference; lastKnownFileType = sourcecode.swift; path = MainModel.swift; sourceTree = "<group>"; };
		F5983C392A70057D0067083E /* SearchDaumBlog.app */ = {isa = PBXFileReference; explicitFileType = wrapper.application; includeInIndex = 0; path = SearchDaumBlog.app; sourceTree = BUILT_PRODUCTS_DIR; };
		F5983C3C2A70057D0067083E /* AppDelegate.swift */ = {isa = PBXFileReference; lastKnownFileType = sourcecode.swift; path = AppDelegate.swift; sourceTree = "<group>"; };
		F5983C3E2A70057D0067083E /* SceneDelegate.swift */ = {isa = PBXFileReference; lastKnownFileType = sourcecode.swift; path = SceneDelegate.swift; sourceTree = "<group>"; };
		F5983C452A70057E0067083E /* Assets.xcassets */ = {isa = PBXFileReference; lastKnownFileType = folder.assetcatalog; path = Assets.xcassets; sourceTree = "<group>"; };
		F5983C482A70057E0067083E /* Base */ = {isa = PBXFileReference; lastKnownFileType = file.storyboard; name = Base; path = Base.lproj/LaunchScreen.storyboard; sourceTree = "<group>"; };
		F5983C4A2A70057E0067083E /* Info.plist */ = {isa = PBXFileReference; lastKnownFileType = text.plist.xml; path = Info.plist; sourceTree = "<group>"; };
		F5983C5D2A7006800067083E /* MainViewController.swift */ = {isa = PBXFileReference; lastKnownFileType = sourcecode.swift; path = MainViewController.swift; sourceTree = "<group>"; };
		F5983C5F2A7008270067083E /* SearchBar.swift */ = {isa = PBXFileReference; lastKnownFileType = sourcecode.swift; path = SearchBar.swift; sourceTree = "<group>"; };
		F5983C612A700C040067083E /* FilterView.swift */ = {isa = PBXFileReference; lastKnownFileType = sourcecode.swift; path = FilterView.swift; sourceTree = "<group>"; };
		F5983C632A70A58F0067083E /* BlogListView.swift */ = {isa = PBXFileReference; lastKnownFileType = sourcecode.swift; path = BlogListView.swift; sourceTree = "<group>"; };
		F5983C652A70A5E10067083E /* BlogListCell.swift */ = {isa = PBXFileReference; lastKnownFileType = sourcecode.swift; path = BlogListCell.swift; sourceTree = "<group>"; };
		F5983C672A70A5EA0067083E /* BlogListCellData.swift */ = {isa = PBXFileReference; lastKnownFileType = sourcecode.swift; path = BlogListCellData.swift; sourceTree = "<group>"; };
		F5983C702A70AF790067083E /* AlertACtionConvertible.swift */ = {isa = PBXFileReference; lastKnownFileType = sourcecode.swift; path = AlertACtionConvertible.swift; sourceTree = "<group>"; };
		F599BB9B2A7202AE001EF635 /* DKBlog.swift */ = {isa = PBXFileReference; lastKnownFileType = sourcecode.swift; path = DKBlog.swift; sourceTree = "<group>"; };
		F599BB9D2A720553001EF635 /* SearchBlogAPI.swift */ = {isa = PBXFileReference; lastKnownFileType = sourcecode.swift; path = SearchBlogAPI.swift; sourceTree = "<group>"; };
		F599BBA02A720636001EF635 /* SearchBlogNetwork.swift */ = {isa = PBXFileReference; lastKnownFileType = sourcecode.swift; path = SearchBlogNetwork.swift; sourceTree = "<group>"; };
/* End PBXFileReference section */

/* Begin PBXFrameworksBuildPhase section */
		F5983C362A70057D0067083E /* Frameworks */ = {
			isa = PBXFrameworksBuildPhase;
			buildActionMask = 2147483647;
			files = (
				F5983C592A7005F30067083E /* Kingfisher in Frameworks */,
				F5983C562A7005C50067083E /* RxSwift in Frameworks */,
				F5983C542A7005C50067083E /* RxRelay in Frameworks */,
				F5983C522A7005C50067083E /* RxCocoa in Frameworks */,
				F5983C5C2A7006080067083E /* SnapKit in Frameworks */,
			);
			runOnlyForDeploymentPostprocessing = 0;
		};
/* End PBXFrameworksBuildPhase section */

/* Begin PBXGroup section */
		F5548EAF2A739584001E2B4F /* FilterView */ = {
			isa = PBXGroup;
			children = (
				F5983C612A700C040067083E /* FilterView.swift */,
				F5548EAD2A739576001E2B4F /* FilterViewModel.swift */,
			);
			path = FilterView;
			sourceTree = "<group>";
		};
		F5983C302A70057D0067083E = {
			isa = PBXGroup;
			children = (
				F5983C3B2A70057D0067083E /* SearchDaumBlog */,
				F5983C3A2A70057D0067083E /* Products */,
			);
			sourceTree = "<group>";
		};
		F5983C3A2A70057D0067083E /* Products */ = {
			isa = PBXGroup;
			children = (
				F5983C392A70057D0067083E /* SearchDaumBlog.app */,
			);
			name = Products;
			sourceTree = "<group>";
		};
		F5983C3B2A70057D0067083E /* SearchDaumBlog */ = {
			isa = PBXGroup;
			children = (
				F5983C6A2A70A6070067083E /* Entity */,
				F599BB9F2A720568001EF635 /* Network */,
				F5983C692A70A5F80067083E /* Presentation */,
				F5983C3E2A70057D0067083E /* SceneDelegate.swift */,
				F5983C3C2A70057D0067083E /* AppDelegate.swift */,
				F5983C452A70057E0067083E /* Assets.xcassets */,
				F5983C472A70057E0067083E /* LaunchScreen.storyboard */,
				F5983C4A2A70057E0067083E /* Info.plist */,
			);
			path = SearchDaumBlog;
			sourceTree = "<group>";
		};
		F5983C692A70A5F80067083E /* Presentation */ = {
			isa = PBXGroup;
			children = (
				F5983C6C2A70AD000067083E /* MainViewController */,
			);
			path = Presentation;
			sourceTree = "<group>";
		};
		F5983C6A2A70A6070067083E /* Entity */ = {
			isa = PBXGroup;
			children = (
				F5983C672A70A5EA0067083E /* BlogListCellData.swift */,
				F5983C702A70AF790067083E /* AlertACtionConvertible.swift */,
				F599BB9B2A7202AE001EF635 /* DKBlog.swift */,
			);
			path = Entity;
			sourceTree = "<group>";
		};
		F5983C6B2A70ACEC0067083E /* SubComponents */ = {
			isa = PBXGroup;
			children = (
				F5983C6D2A70AD0C0067083E /* SearchBar */,
				F5983C6E2A70AD140067083E /* BlogListView */,
			);
			path = SubComponents;
			sourceTree = "<group>";
		};
		F5983C6C2A70AD000067083E /* MainViewController */ = {
			isa = PBXGroup;
			children = (
				F5548EB22A7396B5001E2B4F /* MainViewModel.swift */,
				F5983C5D2A7006800067083E /* MainViewController.swift */,
				F5548EB42A739989001E2B4F /* MainModel.swift */,
				F5983C6B2A70ACEC0067083E /* SubComponents */,
			);
			path = MainViewController;
			sourceTree = "<group>";
		};
		F5983C6D2A70AD0C0067083E /* SearchBar */ = {
			isa = PBXGroup;
			children = (
				F5983C5F2A7008270067083E /* SearchBar.swift */,
				F5548EAB2A73943F001E2B4F /* SearchBarViewModel.swift */,
			);
			path = SearchBar;
			sourceTree = "<group>";
		};
		F5983C6E2A70AD140067083E /* BlogListView */ = {
			isa = PBXGroup;
			children = (
				F5983C632A70A58F0067083E /* BlogListView.swift */,
				F5548EB02A7395F0001E2B4F /* BlogListViewModel.swift */,
				F5983C6F2A70AD310067083E /* SubComponents */,
			);
			path = BlogListView;
			sourceTree = "<group>";
		};
		F5983C6F2A70AD310067083E /* SubComponents */ = {
			isa = PBXGroup;
			children = (
				F5548EAF2A739584001E2B4F /* FilterView */,
				F5983C652A70A5E10067083E /* BlogListCell.swift */,
			);
			path = SubComponents;
			sourceTree = "<group>";
		};
		F599BB9F2A720568001EF635 /* Network */ = {
			isa = PBXGroup;
			children = (
				F599BB9D2A720553001EF635 /* SearchBlogAPI.swift */,
				F599BBA02A720636001EF635 /* SearchBlogNetwork.swift */,
			);
			path = Network;
			sourceTree = "<group>";
		};
/* End PBXGroup section */

/* Begin PBXNativeTarget section */
		F5983C382A70057D0067083E /* SearchDaumBlog */ = {
			isa = PBXNativeTarget;
			buildConfigurationList = F5983C4D2A70057E0067083E /* Build configuration list for PBXNativeTarget "SearchDaumBlog" */;
			buildPhases = (
				F5983C352A70057D0067083E /* Sources */,
				F5983C362A70057D0067083E /* Frameworks */,
				F5983C372A70057D0067083E /* Resources */,
			);
			buildRules = (
			);
			dependencies = (
			);
			name = SearchDaumBlog;
			packageProductDependencies = (
				F5983C512A7005C50067083E /* RxCocoa */,
				F5983C532A7005C50067083E /* RxRelay */,
				F5983C552A7005C50067083E /* RxSwift */,
				F5983C582A7005F30067083E /* Kingfisher */,
				F5983C5B2A7006080067083E /* SnapKit */,
			);
			productName = SearchDaumBlog;
			productReference = F5983C392A70057D0067083E /* SearchDaumBlog.app */;
			productType = "com.apple.product-type.application";
		};
/* End PBXNativeTarget section */

/* Begin PBXProject section */
		F5983C312A70057D0067083E /* Project object */ = {
			isa = PBXProject;
			attributes = {
				BuildIndependentTargetsInParallel = 1;
				LastSwiftUpdateCheck = 1430;
				LastUpgradeCheck = 1430;
				TargetAttributes = {
					F5983C382A70057D0067083E = {
						CreatedOnToolsVersion = 14.3.1;
					};
				};
			};
			buildConfigurationList = F5983C342A70057D0067083E /* Build configuration list for PBXProject "SearchDaumBlog" */;
			compatibilityVersion = "Xcode 14.0";
			developmentRegion = en;
			hasScannedForEncodings = 0;
			knownRegions = (
				en,
				Base,
			);
			mainGroup = F5983C302A70057D0067083E;
			packageReferences = (
				F5983C502A7005C50067083E /* XCRemoteSwiftPackageReference "RxSwift" */,
				F5983C572A7005F30067083E /* XCRemoteSwiftPackageReference "Kingfisher" */,
				F5983C5A2A7006080067083E /* XCRemoteSwiftPackageReference "SnapKit" */,
			);
			productRefGroup = F5983C3A2A70057D0067083E /* Products */;
			projectDirPath = "";
			projectRoot = "";
			targets = (
				F5983C382A70057D0067083E /* SearchDaumBlog */,
			);
		};
/* End PBXProject section */

/* Begin PBXResourcesBuildPhase section */
		F5983C372A70057D0067083E /* Resources */ = {
			isa = PBXResourcesBuildPhase;
			buildActionMask = 2147483647;
			files = (
				F5983C492A70057E0067083E /* LaunchScreen.storyboard in Resources */,
				F5983C462A70057E0067083E /* Assets.xcassets in Resources */,
			);
			runOnlyForDeploymentPostprocessing = 0;
		};
/* End PBXResourcesBuildPhase section */

/* Begin PBXSourcesBuildPhase section */
		F5983C352A70057D0067083E /* Sources */ = {
			isa = PBXSourcesBuildPhase;
			buildActionMask = 2147483647;
			files = (
				F5548EAE2A739576001E2B4F /* FilterViewModel.swift in Sources */,
				F599BB9C2A7202AE001EF635 /* DKBlog.swift in Sources */,
				F5983C5E2A7006800067083E /* MainViewController.swift in Sources */,
				F5983C662A70A5E10067083E /* BlogListCell.swift in Sources */,
				F5983C712A70AF790067083E /* AlertACtionConvertible.swift in Sources */,
				F599BB9E2A720553001EF635 /* SearchBlogAPI.swift in Sources */,
				F5983C642A70A58F0067083E /* BlogListView.swift in Sources */,
				F5548EB12A7395F0001E2B4F /* BlogListViewModel.swift in Sources */,
				F5983C682A70A5EA0067083E /* BlogListCellData.swift in Sources */,
				F5983C602A7008270067083E /* SearchBar.swift in Sources */,
				F5983C3D2A70057D0067083E /* AppDelegate.swift in Sources */,
				F5548EB52A739989001E2B4F /* MainModel.swift in Sources */,
				F5983C622A700C040067083E /* FilterView.swift in Sources */,
				F5548EAC2A73943F001E2B4F /* SearchBarViewModel.swift in Sources */,
				F599BBA12A720636001EF635 /* SearchBlogNetwork.swift in Sources */,
				F5983C3F2A70057D0067083E /* SceneDelegate.swift in Sources */,
				F5548EB32A7396B5001E2B4F /* MainViewModel.swift in Sources */,
			);
			runOnlyForDeploymentPostprocessing = 0;
		};
/* End PBXSourcesBuildPhase section */

/* Begin PBXVariantGroup section */
		F5983C472A70057E0067083E /* LaunchScreen.storyboard */ = {
			isa = PBXVariantGroup;
			children = (
				F5983C482A70057E0067083E /* Base */,
			);
			name = LaunchScreen.storyboard;
			sourceTree = "<group>";
		};
/* End PBXVariantGroup section */

/* Begin XCBuildConfiguration section */
		F5983C4B2A70057E0067083E /* Debug */ = {
			isa = XCBuildConfiguration;
			buildSettings = {
				ALWAYS_SEARCH_USER_PATHS = NO;
				CLANG_ANALYZER_NONNULL = YES;
				CLANG_ANALYZER_NUMBER_OBJECT_CONVERSION = YES_AGGRESSIVE;
				CLANG_CXX_LANGUAGE_STANDARD = "gnu++20";
				CLANG_ENABLE_MODULES = YES;
				CLANG_ENABLE_OBJC_ARC = YES;
				CLANG_ENABLE_OBJC_WEAK = YES;
				CLANG_WARN_BLOCK_CAPTURE_AUTORELEASING = YES;
				CLANG_WARN_BOOL_CONVERSION = YES;
				CLANG_WARN_COMMA = YES;
				CLANG_WARN_CONSTANT_CONVERSION = YES;
				CLANG_WARN_DEPRECATED_OBJC_IMPLEMENTATIONS = YES;
				CLANG_WARN_DIRECT_OBJC_ISA_USAGE = YES_ERROR;
				CLANG_WARN_DOCUMENTATION_COMMENTS = YES;
				CLANG_WARN_EMPTY_BODY = YES;
				CLANG_WARN_ENUM_CONVERSION = YES;
				CLANG_WARN_INFINITE_RECURSION = YES;
				CLANG_WARN_INT_CONVERSION = YES;
				CLANG_WARN_NON_LITERAL_NULL_CONVERSION = YES;
				CLANG_WARN_OBJC_IMPLICIT_RETAIN_SELF = YES;
				CLANG_WARN_OBJC_LITERAL_CONVERSION = YES;
				CLANG_WARN_OBJC_ROOT_CLASS = YES_ERROR;
				CLANG_WARN_QUOTED_INCLUDE_IN_FRAMEWORK_HEADER = YES;
				CLANG_WARN_RANGE_LOOP_ANALYSIS = YES;
				CLANG_WARN_STRICT_PROTOTYPES = YES;
				CLANG_WARN_SUSPICIOUS_MOVE = YES;
				CLANG_WARN_UNGUARDED_AVAILABILITY = YES_AGGRESSIVE;
				CLANG_WARN_UNREACHABLE_CODE = YES;
				CLANG_WARN__DUPLICATE_METHOD_MATCH = YES;
				COPY_PHASE_STRIP = NO;
				DEBUG_INFORMATION_FORMAT = dwarf;
				ENABLE_STRICT_OBJC_MSGSEND = YES;
				ENABLE_TESTABILITY = YES;
				GCC_C_LANGUAGE_STANDARD = gnu11;
				GCC_DYNAMIC_NO_PIC = NO;
				GCC_NO_COMMON_BLOCKS = YES;
				GCC_OPTIMIZATION_LEVEL = 0;
				GCC_PREPROCESSOR_DEFINITIONS = (
					"DEBUG=1",
					"$(inherited)",
				);
				GCC_WARN_64_TO_32_BIT_CONVERSION = YES;
				GCC_WARN_ABOUT_RETURN_TYPE = YES_ERROR;
				GCC_WARN_UNDECLARED_SELECTOR = YES;
				GCC_WARN_UNINITIALIZED_AUTOS = YES_AGGRESSIVE;
				GCC_WARN_UNUSED_FUNCTION = YES;
				GCC_WARN_UNUSED_VARIABLE = YES;
				IPHONEOS_DEPLOYMENT_TARGET = 16.4;
				MTL_ENABLE_DEBUG_INFO = INCLUDE_SOURCE;
				MTL_FAST_MATH = YES;
				ONLY_ACTIVE_ARCH = YES;
				SDKROOT = iphoneos;
				SWIFT_ACTIVE_COMPILATION_CONDITIONS = DEBUG;
				SWIFT_OPTIMIZATION_LEVEL = "-Onone";
			};
			name = Debug;
		};
		F5983C4C2A70057E0067083E /* Release */ = {
			isa = XCBuildConfiguration;
			buildSettings = {
				ALWAYS_SEARCH_USER_PATHS = NO;
				CLANG_ANALYZER_NONNULL = YES;
				CLANG_ANALYZER_NUMBER_OBJECT_CONVERSION = YES_AGGRESSIVE;
				CLANG_CXX_LANGUAGE_STANDARD = "gnu++20";
				CLANG_ENABLE_MODULES = YES;
				CLANG_ENABLE_OBJC_ARC = YES;
				CLANG_ENABLE_OBJC_WEAK = YES;
				CLANG_WARN_BLOCK_CAPTURE_AUTORELEASING = YES;
				CLANG_WARN_BOOL_CONVERSION = YES;
				CLANG_WARN_COMMA = YES;
				CLANG_WARN_CONSTANT_CONVERSION = YES;
				CLANG_WARN_DEPRECATED_OBJC_IMPLEMENTATIONS = YES;
				CLANG_WARN_DIRECT_OBJC_ISA_USAGE = YES_ERROR;
				CLANG_WARN_DOCUMENTATION_COMMENTS = YES;
				CLANG_WARN_EMPTY_BODY = YES;
				CLANG_WARN_ENUM_CONVERSION = YES;
				CLANG_WARN_INFINITE_RECURSION = YES;
				CLANG_WARN_INT_CONVERSION = YES;
				CLANG_WARN_NON_LITERAL_NULL_CONVERSION = YES;
				CLANG_WARN_OBJC_IMPLICIT_RETAIN_SELF = YES;
				CLANG_WARN_OBJC_LITERAL_CONVERSION = YES;
				CLANG_WARN_OBJC_ROOT_CLASS = YES_ERROR;
				CLANG_WARN_QUOTED_INCLUDE_IN_FRAMEWORK_HEADER = YES;
				CLANG_WARN_RANGE_LOOP_ANALYSIS = YES;
				CLANG_WARN_STRICT_PROTOTYPES = YES;
				CLANG_WARN_SUSPICIOUS_MOVE = YES;
				CLANG_WARN_UNGUARDED_AVAILABILITY = YES_AGGRESSIVE;
				CLANG_WARN_UNREACHABLE_CODE = YES;
				CLANG_WARN__DUPLICATE_METHOD_MATCH = YES;
				COPY_PHASE_STRIP = NO;
				DEBUG_INFORMATION_FORMAT = "dwarf-with-dsym";
				ENABLE_NS_ASSERTIONS = NO;
				ENABLE_STRICT_OBJC_MSGSEND = YES;
				GCC_C_LANGUAGE_STANDARD = gnu11;
				GCC_NO_COMMON_BLOCKS = YES;
				GCC_WARN_64_TO_32_BIT_CONVERSION = YES;
				GCC_WARN_ABOUT_RETURN_TYPE = YES_ERROR;
				GCC_WARN_UNDECLARED_SELECTOR = YES;
				GCC_WARN_UNINITIALIZED_AUTOS = YES_AGGRESSIVE;
				GCC_WARN_UNUSED_FUNCTION = YES;
				GCC_WARN_UNUSED_VARIABLE = YES;
				IPHONEOS_DEPLOYMENT_TARGET = 16.4;
				MTL_ENABLE_DEBUG_INFO = NO;
				MTL_FAST_MATH = YES;
				SDKROOT = iphoneos;
				SWIFT_COMPILATION_MODE = wholemodule;
				SWIFT_OPTIMIZATION_LEVEL = "-O";
				VALIDATE_PRODUCT = YES;
			};
			name = Release;
		};
		F5983C4E2A70057E0067083E /* Debug */ = {
			isa = XCBuildConfiguration;
			buildSettings = {
				ASSETCATALOG_COMPILER_APPICON_NAME = AppIcon;
				ASSETCATALOG_COMPILER_GLOBAL_ACCENT_COLOR_NAME = AccentColor;
				CODE_SIGN_STYLE = Automatic;
				CURRENT_PROJECT_VERSION = 1;
				DEVELOPMENT_TEAM = XYC727LR27;
				GENERATE_INFOPLIST_FILE = YES;
				INFOPLIST_FILE = SearchDaumBlog/Info.plist;
				INFOPLIST_KEY_UIApplicationSupportsIndirectInputEvents = YES;
				INFOPLIST_KEY_UILaunchStoryboardName = LaunchScreen;
				INFOPLIST_KEY_UIMainStoryboardFile = "";
				INFOPLIST_KEY_UISupportedInterfaceOrientations_iPad = "UIInterfaceOrientationPortrait UIInterfaceOrientationPortraitUpsideDown UIInterfaceOrientationLandscapeLeft UIInterfaceOrientationLandscapeRight";
				INFOPLIST_KEY_UISupportedInterfaceOrientations_iPhone = "UIInterfaceOrientationPortrait UIInterfaceOrientationLandscapeLeft UIInterfaceOrientationLandscapeRight";
				LD_RUNPATH_SEARCH_PATHS = (
					"$(inherited)",
					"@executable_path/Frameworks",
				);
				MARKETING_VERSION = 1.0;
				PRODUCT_BUNDLE_IDENTIFIER = sso.SearchDaumBlog;
				PRODUCT_NAME = "$(TARGET_NAME)";
				SWIFT_EMIT_LOC_STRINGS = YES;
				SWIFT_VERSION = 5.0;
				TARGETED_DEVICE_FAMILY = "1,2";
			};
			name = Debug;
		};
		F5983C4F2A70057E0067083E /* Release */ = {
			isa = XCBuildConfiguration;
			buildSettings = {
				ASSETCATALOG_COMPILER_APPICON_NAME = AppIcon;
				ASSETCATALOG_COMPILER_GLOBAL_ACCENT_COLOR_NAME = AccentColor;
				CODE_SIGN_STYLE = Automatic;
				CURRENT_PROJECT_VERSION = 1;
				DEVELOPMENT_TEAM = XYC727LR27;
				GENERATE_INFOPLIST_FILE = YES;
				INFOPLIST_FILE = SearchDaumBlog/Info.plist;
				INFOPLIST_KEY_UIApplicationSupportsIndirectInputEvents = YES;
				INFOPLIST_KEY_UILaunchStoryboardName = LaunchScreen;
				INFOPLIST_KEY_UIMainStoryboardFile = "";
				INFOPLIST_KEY_UISupportedInterfaceOrientations_iPad = "UIInterfaceOrientationPortrait UIInterfaceOrientationPortraitUpsideDown UIInterfaceOrientationLandscapeLeft UIInterfaceOrientationLandscapeRight";
				INFOPLIST_KEY_UISupportedInterfaceOrientations_iPhone = "UIInterfaceOrientationPortrait UIInterfaceOrientationLandscapeLeft UIInterfaceOrientationLandscapeRight";
				LD_RUNPATH_SEARCH_PATHS = (
					"$(inherited)",
					"@executable_path/Frameworks",
				);
				MARKETING_VERSION = 1.0;
				PRODUCT_BUNDLE_IDENTIFIER = sso.SearchDaumBlog;
				PRODUCT_NAME = "$(TARGET_NAME)";
				SWIFT_EMIT_LOC_STRINGS = YES;
				SWIFT_VERSION = 5.0;
				TARGETED_DEVICE_FAMILY = "1,2";
			};
			name = Release;
		};
/* End XCBuildConfiguration section */

/* Begin XCConfigurationList section */
		F5983C342A70057D0067083E /* Build configuration list for PBXProject "SearchDaumBlog" */ = {
			isa = XCConfigurationList;
			buildConfigurations = (
				F5983C4B2A70057E0067083E /* Debug */,
				F5983C4C2A70057E0067083E /* Release */,
			);
			defaultConfigurationIsVisible = 0;
			defaultConfigurationName = Release;
		};
		F5983C4D2A70057E0067083E /* Build configuration list for PBXNativeTarget "SearchDaumBlog" */ = {
			isa = XCConfigurationList;
			buildConfigurations = (
				F5983C4E2A70057E0067083E /* Debug */,
				F5983C4F2A70057E0067083E /* Release */,
			);
			defaultConfigurationIsVisible = 0;
			defaultConfigurationName = Release;
		};
/* End XCConfigurationList section */

/* Begin XCRemoteSwiftPackageReference section */
		F5983C502A7005C50067083E /* XCRemoteSwiftPackageReference "RxSwift" */ = {
			isa = XCRemoteSwiftPackageReference;
			repositoryURL = "https://github.com/ReactiveX/RxSwift.git";
			requirement = {
				kind = upToNextMajorVersion;
				minimumVersion = 6.0.0;
			};
		};
		F5983C572A7005F30067083E /* XCRemoteSwiftPackageReference "Kingfisher" */ = {
			isa = XCRemoteSwiftPackageReference;
			repositoryURL = "https://github.com/onevcat/Kingfisher.git";
			requirement = {
				kind = upToNextMajorVersion;
				minimumVersion = 7.0.0;
			};
		};
		F5983C5A2A7006080067083E /* XCRemoteSwiftPackageReference "SnapKit" */ = {
			isa = XCRemoteSwiftPackageReference;
			repositoryURL = "https://github.com/SnapKit/SnapKit.git";
			requirement = {
				kind = upToNextMajorVersion;
				minimumVersion = 5.0.0;
			};
		};
/* End XCRemoteSwiftPackageReference section */

/* Begin XCSwiftPackageProductDependency section */
		F5983C512A7005C50067083E /* RxCocoa */ = {
			isa = XCSwiftPackageProductDependency;
			package = F5983C502A7005C50067083E /* XCRemoteSwiftPackageReference "RxSwift" */;
			productName = RxCocoa;
		};
		F5983C532A7005C50067083E /* RxRelay */ = {
			isa = XCSwiftPackageProductDependency;
			package = F5983C502A7005C50067083E /* XCRemoteSwiftPackageReference "RxSwift" */;
			productName = RxRelay;
		};
		F5983C552A7005C50067083E /* RxSwift */ = {
			isa = XCSwiftPackageProductDependency;
			package = F5983C502A7005C50067083E /* XCRemoteSwiftPackageReference "RxSwift" */;
			productName = RxSwift;
		};
		F5983C582A7005F30067083E /* Kingfisher */ = {
			isa = XCSwiftPackageProductDependency;
			package = F5983C572A7005F30067083E /* XCRemoteSwiftPackageReference "Kingfisher" */;
			productName = Kingfisher;
		};
		F5983C5B2A7006080067083E /* SnapKit */ = {
			isa = XCSwiftPackageProductDependency;
			package = F5983C5A2A7006080067083E /* XCRemoteSwiftPackageReference "SnapKit" */;
			productName = SnapKit;
		};
/* End XCSwiftPackageProductDependency section */
	};
	rootObject = F5983C312A70057D0067083E /* Project object */;
}
