// !$*UTF8*$!
{
	archiveVersion = 1;
	classes = {
	};
	objectVersion = 56;
	objects = {

/* Begin PBXBuildFile section */
		2FE8F07F98C98AD2F4075A70 /* Pods_CreditCardList.framework in Frameworks */ = {isa = PBXBuildFile; fileRef = 9D10C7A0E8B2B9E387AD8E47 /* Pods_CreditCardList.framework */; };
		F50D6A832A041BE6009F0689 /* AppDelegate.swift in Sources */ = {isa = PBXBuildFile; fileRef = F50D6A822A041BE6009F0689 /* AppDelegate.swift */; };
		F50D6A852A041BE6009F0689 /* SceneDelegate.swift in Sources */ = {isa = PBXBuildFile; fileRef = F50D6A842A041BE6009F0689 /* SceneDelegate.swift */; };
		F50D6A8A2A041BE6009F0689 /* Main.storyboard in Resources */ = {isa = PBXBuildFile; fileRef = F50D6A882A041BE6009F0689 /* Main.storyboard */; };
		F50D6A8C2A041BE7009F0689 /* Assets.xcassets in Resources */ = {isa = PBXBuildFile; fileRef = F50D6A8B2A041BE7009F0689 /* Assets.xcassets */; };
		F50D6A8F2A041BE7009F0689 /* LaunchScreen.storyboard in Resources */ = {isa = PBXBuildFile; fileRef = F50D6A8D2A041BE7009F0689 /* LaunchScreen.storyboard */; };
		F50D6A972A041C01009F0689 /* CardListViewController.swift in Sources */ = {isa = PBXBuildFile; fileRef = F50D6A962A041C01009F0689 /* CardListViewController.swift */; };
		F50D6A992A041D21009F0689 /* CreditCard.swift in Sources */ = {isa = PBXBuildFile; fileRef = F50D6A982A041D21009F0689 /* CreditCard.swift */; };
		F50D6A9C2A041E10009F0689 /* CardListCell.swift in Sources */ = {isa = PBXBuildFile; fileRef = F50D6A9A2A041E10009F0689 /* CardListCell.swift */; };
		F50D6A9D2A041E10009F0689 /* CardListCell.xib in Resources */ = {isa = PBXBuildFile; fileRef = F50D6A9B2A041E10009F0689 /* CardListCell.xib */; };
		F56AA7E92A08FFCC0056F014 /* CreditCardDummy.swift in Sources */ = {isa = PBXBuildFile; fileRef = F56AA7E82A08FFCC0056F014 /* CreditCardDummy.swift */; };
		F5E100A62A04245E000F4ECA /* CardDetailViewController.swift in Sources */ = {isa = PBXBuildFile; fileRef = F5E100A52A04245E000F4ECA /* CardDetailViewController.swift */; };
		F5E100A82A0424D1000F4ECA /* money.json in Resources */ = {isa = PBXBuildFile; fileRef = F5E100A72A0424D1000F4ECA /* money.json */; };
		F5E100AA2A0428CC000F4ECA /* GoogleService-Info.plist in Resources */ = {isa = PBXBuildFile; fileRef = F5E100A92A0428CC000F4ECA /* GoogleService-Info.plist */; };
/* End PBXBuildFile section */

/* Begin PBXFileReference section */
		5A376198C6F50E0526BA5704 /* Pods-CreditCardList.release.xcconfig */ = {isa = PBXFileReference; includeInIndex = 1; lastKnownFileType = text.xcconfig; name = "Pods-CreditCardList.release.xcconfig"; path = "Target Support Files/Pods-CreditCardList/Pods-CreditCardList.release.xcconfig"; sourceTree = "<group>"; };
		9D10C7A0E8B2B9E387AD8E47 /* Pods_CreditCardList.framework */ = {isa = PBXFileReference; explicitFileType = wrapper.framework; includeInIndex = 0; path = Pods_CreditCardList.framework; sourceTree = BUILT_PRODUCTS_DIR; };
		E9817B1E1297BBBC148265AB /* Pods-CreditCardList.debug.xcconfig */ = {isa = PBXFileReference; includeInIndex = 1; lastKnownFileType = text.xcconfig; name = "Pods-CreditCardList.debug.xcconfig"; path = "Target Support Files/Pods-CreditCardList/Pods-CreditCardList.debug.xcconfig"; sourceTree = "<group>"; };
		F50D6A7F2A041BE6009F0689 /* CreditCardList.app */ = {isa = PBXFileReference; explicitFileType = wrapper.application; includeInIndex = 0; path = CreditCardList.app; sourceTree = BUILT_PRODUCTS_DIR; };
		F50D6A822A041BE6009F0689 /* AppDelegate.swift */ = {isa = PBXFileReference; lastKnownFileType = sourcecode.swift; path = AppDelegate.swift; sourceTree = "<group>"; };
		F50D6A842A041BE6009F0689 /* SceneDelegate.swift */ = {isa = PBXFileReference; lastKnownFileType = sourcecode.swift; path = SceneDelegate.swift; sourceTree = "<group>"; };
		F50D6A892A041BE6009F0689 /* Base */ = {isa = PBXFileReference; lastKnownFileType = file.storyboard; name = Base; path = Base.lproj/Main.storyboard; sourceTree = "<group>"; };
		F50D6A8B2A041BE7009F0689 /* Assets.xcassets */ = {isa = PBXFileReference; lastKnownFileType = folder.assetcatalog; path = Assets.xcassets; sourceTree = "<group>"; };
		F50D6A8E2A041BE7009F0689 /* Base */ = {isa = PBXFileReference; lastKnownFileType = file.storyboard; name = Base; path = Base.lproj/LaunchScreen.storyboard; sourceTree = "<group>"; };
		F50D6A902A041BE7009F0689 /* Info.plist */ = {isa = PBXFileReference; lastKnownFileType = text.plist.xml; path = Info.plist; sourceTree = "<group>"; };
		F50D6A962A041C01009F0689 /* CardListViewController.swift */ = {isa = PBXFileReference; lastKnownFileType = sourcecode.swift; path = CardListViewController.swift; sourceTree = "<group>"; };
		F50D6A982A041D21009F0689 /* CreditCard.swift */ = {isa = PBXFileReference; lastKnownFileType = sourcecode.swift; path = CreditCard.swift; sourceTree = "<group>"; };
		F50D6A9A2A041E10009F0689 /* CardListCell.swift */ = {isa = PBXFileReference; lastKnownFileType = sourcecode.swift; path = CardListCell.swift; sourceTree = "<group>"; };
		F50D6A9B2A041E10009F0689 /* CardListCell.xib */ = {isa = PBXFileReference; lastKnownFileType = file.xib; path = CardListCell.xib; sourceTree = "<group>"; };
		F56AA7E82A08FFCC0056F014 /* CreditCardDummy.swift */ = {isa = PBXFileReference; fileEncoding = 4; lastKnownFileType = sourcecode.swift; path = CreditCardDummy.swift; sourceTree = "<group>"; };
		F5E100A52A04245E000F4ECA /* CardDetailViewController.swift */ = {isa = PBXFileReference; lastKnownFileType = sourcecode.swift; path = CardDetailViewController.swift; sourceTree = "<group>"; };
		F5E100A72A0424D1000F4ECA /* money.json */ = {isa = PBXFileReference; fileEncoding = 4; lastKnownFileType = text.json; path = money.json; sourceTree = "<group>"; };
		F5E100A92A0428CC000F4ECA /* GoogleService-Info.plist */ = {isa = PBXFileReference; fileEncoding = 4; lastKnownFileType = text.plist.xml; path = "GoogleService-Info.plist"; sourceTree = "<group>"; };
/* End PBXFileReference section */

/* Begin PBXFrameworksBuildPhase section */
		F50D6A7C2A041BE6009F0689 /* Frameworks */ = {
			isa = PBXFrameworksBuildPhase;
			buildActionMask = 2147483647;
			files = (
				2FE8F07F98C98AD2F4075A70 /* Pods_CreditCardList.framework in Frameworks */,
			);
			runOnlyForDeploymentPostprocessing = 0;
		};
/* End PBXFrameworksBuildPhase section */

/* Begin PBXGroup section */
		A223B7ED9B12EFC92C6251E0 /* Pods */ = {
			isa = PBXGroup;
			children = (
				E9817B1E1297BBBC148265AB /* Pods-CreditCardList.debug.xcconfig */,
				5A376198C6F50E0526BA5704 /* Pods-CreditCardList.release.xcconfig */,
			);
			path = Pods;
			sourceTree = "<group>";
		};
		DA2E6D047962157BC4D44424 /* Frameworks */ = {
			isa = PBXGroup;
			children = (
				9D10C7A0E8B2B9E387AD8E47 /* Pods_CreditCardList.framework */,
			);
			name = Frameworks;
			sourceTree = "<group>";
		};
		F50D6A762A041BE6009F0689 = {
			isa = PBXGroup;
			children = (
				F50D6A812A041BE6009F0689 /* CreditCardList */,
				F50D6A802A041BE6009F0689 /* Products */,
				A223B7ED9B12EFC92C6251E0 /* Pods */,
				DA2E6D047962157BC4D44424 /* Frameworks */,
			);
			sourceTree = "<group>";
		};
		F50D6A802A041BE6009F0689 /* Products */ = {
			isa = PBXGroup;
			children = (
				F50D6A7F2A041BE6009F0689 /* CreditCardList.app */,
			);
			name = Products;
			sourceTree = "<group>";
		};
		F50D6A812A041BE6009F0689 /* CreditCardList */ = {
			isa = PBXGroup;
			children = (
				F5E100A72A0424D1000F4ECA /* money.json */,
				F50D6A962A041C01009F0689 /* CardListViewController.swift */,
				F50D6A822A041BE6009F0689 /* AppDelegate.swift */,
				F56AA7E82A08FFCC0056F014 /* CreditCardDummy.swift */,
				F50D6A842A041BE6009F0689 /* SceneDelegate.swift */,
				F50D6A882A041BE6009F0689 /* Main.storyboard */,
				F50D6A8B2A041BE7009F0689 /* Assets.xcassets */,
				F50D6A8D2A041BE7009F0689 /* LaunchScreen.storyboard */,
				F50D6A902A041BE7009F0689 /* Info.plist */,
				F5E100A92A0428CC000F4ECA /* GoogleService-Info.plist */,
				F50D6A982A041D21009F0689 /* CreditCard.swift */,
				F50D6A9A2A041E10009F0689 /* CardListCell.swift */,
				F50D6A9B2A041E10009F0689 /* CardListCell.xib */,
				F5E100A52A04245E000F4ECA /* CardDetailViewController.swift */,
			);
			path = CreditCardList;
			sourceTree = "<group>";
		};
/* End PBXGroup section */

/* Begin PBXNativeTarget section */
		F50D6A7E2A041BE6009F0689 /* CreditCardList */ = {
			isa = PBXNativeTarget;
			buildConfigurationList = F50D6A932A041BE7009F0689 /* Build configuration list for PBXNativeTarget "CreditCardList" */;
			buildPhases = (
				DEF3C9EA2C91E54E0E96AAFB /* [CP] Check Pods Manifest.lock */,
				F50D6A7B2A041BE6009F0689 /* Sources */,
				F50D6A7C2A041BE6009F0689 /* Frameworks */,
				F50D6A7D2A041BE6009F0689 /* Resources */,
				E79DCF9AFEA9BC05DCB0D78D /* [CP] Embed Pods Frameworks */,
			);
			buildRules = (
			);
			dependencies = (
			);
			name = CreditCardList;
			productName = CreditCardList;
			productReference = F50D6A7F2A041BE6009F0689 /* CreditCardList.app */;
			productType = "com.apple.product-type.application";
		};
/* End PBXNativeTarget section */

/* Begin PBXProject section */
		F50D6A772A041BE6009F0689 /* Project object */ = {
			isa = PBXProject;
			attributes = {
				BuildIndependentTargetsInParallel = 1;
				LastSwiftUpdateCheck = 1430;
				LastUpgradeCheck = 1430;
				TargetAttributes = {
					F50D6A7E2A041BE6009F0689 = {
						CreatedOnToolsVersion = 14.3;
					};
				};
			};
			buildConfigurationList = F50D6A7A2A041BE6009F0689 /* Build configuration list for PBXProject "CreditCardList" */;
			compatibilityVersion = "Xcode 14.0";
			developmentRegion = en;
			hasScannedForEncodings = 0;
			knownRegions = (
				en,
				Base,
			);
			mainGroup = F50D6A762A041BE6009F0689;
			productRefGroup = F50D6A802A041BE6009F0689 /* Products */;
			projectDirPath = "";
			projectRoot = "";
			targets = (
				F50D6A7E2A041BE6009F0689 /* CreditCardList */,
			);
		};
/* End PBXProject section */

/* Begin PBXResourcesBuildPhase section */
		F50D6A7D2A041BE6009F0689 /* Resources */ = {
			isa = PBXResourcesBuildPhase;
			buildActionMask = 2147483647;
			files = (
				F50D6A8F2A041BE7009F0689 /* LaunchScreen.storyboard in Resources */,
				F50D6A8C2A041BE7009F0689 /* Assets.xcassets in Resources */,
				F5E100A82A0424D1000F4ECA /* money.json in Resources */,
				F50D6A8A2A041BE6009F0689 /* Main.storyboard in Resources */,
				F50D6A9D2A041E10009F0689 /* CardListCell.xib in Resources */,
				F5E100AA2A0428CC000F4ECA /* GoogleService-Info.plist in Resources */,
			);
			runOnlyForDeploymentPostprocessing = 0;
		};
/* End PBXResourcesBuildPhase section */

/* Begin PBXShellScriptBuildPhase section */
		DEF3C9EA2C91E54E0E96AAFB /* [CP] Check Pods Manifest.lock */ = {
			isa = PBXShellScriptBuildPhase;
			buildActionMask = 2147483647;
			files = (
			);
			inputFileListPaths = (
			);
			inputPaths = (
				"${PODS_PODFILE_DIR_PATH}/Podfile.lock",
				"${PODS_ROOT}/Manifest.lock",
			);
			name = "[CP] Check Pods Manifest.lock";
			outputFileListPaths = (
			);
			outputPaths = (
				"$(DERIVED_FILE_DIR)/Pods-CreditCardList-checkManifestLockResult.txt",
			);
			runOnlyForDeploymentPostprocessing = 0;
			shellPath = /bin/sh;
			shellScript = "diff \"${PODS_PODFILE_DIR_PATH}/Podfile.lock\" \"${PODS_ROOT}/Manifest.lock\" > /dev/null\nif [ $? != 0 ] ; then\n    # print error to STDERR\n    echo \"error: The sandbox is not in sync with the Podfile.lock. Run 'pod install' or update your CocoaPods installation.\" >&2\n    exit 1\nfi\n# This output is used by Xcode 'outputs' to avoid re-running this script phase.\necho \"SUCCESS\" > \"${SCRIPT_OUTPUT_FILE_0}\"\n";
			showEnvVarsInLog = 0;
		};
		E79DCF9AFEA9BC05DCB0D78D /* [CP] Embed Pods Frameworks */ = {
			isa = PBXShellScriptBuildPhase;
			buildActionMask = 2147483647;
			files = (
			);
			inputFileListPaths = (
				"${PODS_ROOT}/Target Support Files/Pods-CreditCardList/Pods-CreditCardList-frameworks-${CONFIGURATION}-input-files.xcfilelist",
			);
			name = "[CP] Embed Pods Frameworks";
			outputFileListPaths = (
				"${PODS_ROOT}/Target Support Files/Pods-CreditCardList/Pods-CreditCardList-frameworks-${CONFIGURATION}-output-files.xcfilelist",
			);
			runOnlyForDeploymentPostprocessing = 0;
			shellPath = /bin/sh;
			shellScript = "\"${PODS_ROOT}/Target Support Files/Pods-CreditCardList/Pods-CreditCardList-frameworks.sh\"\n";
			showEnvVarsInLog = 0;
		};
/* End PBXShellScriptBuildPhase section */

/* Begin PBXSourcesBuildPhase section */
		F50D6A7B2A041BE6009F0689 /* Sources */ = {
			isa = PBXSourcesBuildPhase;
			buildActionMask = 2147483647;
			files = (
				F50D6A992A041D21009F0689 /* CreditCard.swift in Sources */,
				F5E100A62A04245E000F4ECA /* CardDetailViewController.swift in Sources */,
				F50D6A9C2A041E10009F0689 /* CardListCell.swift in Sources */,
				F50D6A972A041C01009F0689 /* CardListViewController.swift in Sources */,
				F56AA7E92A08FFCC0056F014 /* CreditCardDummy.swift in Sources */,
				F50D6A832A041BE6009F0689 /* AppDelegate.swift in Sources */,
				F50D6A852A041BE6009F0689 /* SceneDelegate.swift in Sources */,
			);
			runOnlyForDeploymentPostprocessing = 0;
		};
/* End PBXSourcesBuildPhase section */

/* Begin PBXVariantGroup section */
		F50D6A882A041BE6009F0689 /* Main.storyboard */ = {
			isa = PBXVariantGroup;
			children = (
				F50D6A892A041BE6009F0689 /* Base */,
			);
			name = Main.storyboard;
			sourceTree = "<group>";
		};
		F50D6A8D2A041BE7009F0689 /* LaunchScreen.storyboard */ = {
			isa = PBXVariantGroup;
			children = (
				F50D6A8E2A041BE7009F0689 /* Base */,
			);
			name = LaunchScreen.storyboard;
			sourceTree = "<group>";
		};
/* End PBXVariantGroup section */

/* Begin XCBuildConfiguration section */
		F50D6A912A041BE7009F0689 /* Debug */ = {
			isa = XCBuildConfiguration;
			buildSettings = {
				ALWAYS_SEARCH_USER_PATHS = NO;
				CLANG_ANALYZER_NONNULL = YES;
				CLANG_ANALYZER_NUMBER_OBJECT_CONVERSION = YES_AGGRESSIVE;
				CLANG_CXX_LANGUAGE_STANDARD = "gnu++20";
				CLANG_ENABLE_MODULES = YES;
				CLANG_ENABLE_OBJC_ARC = YES;
				CLANG_ENABLE_OBJC_WEAK = YES;
				CLANG_WARN_BLOCK_CAPTURE_AUTORELEASING = YES;
				CLANG_WARN_BOOL_CONVERSION = YES;
				CLANG_WARN_COMMA = YES;
				CLANG_WARN_CONSTANT_CONVERSION = YES;
				CLANG_WARN_DEPRECATED_OBJC_IMPLEMENTATIONS = YES;
				CLANG_WARN_DIRECT_OBJC_ISA_USAGE = YES_ERROR;
				CLANG_WARN_DOCUMENTATION_COMMENTS = YES;
				CLANG_WARN_EMPTY_BODY = YES;
				CLANG_WARN_ENUM_CONVERSION = YES;
				CLANG_WARN_INFINITE_RECURSION = YES;
				CLANG_WARN_INT_CONVERSION = YES;
				CLANG_WARN_NON_LITERAL_NULL_CONVERSION = YES;
				CLANG_WARN_OBJC_IMPLICIT_RETAIN_SELF = YES;
				CLANG_WARN_OBJC_LITERAL_CONVERSION = YES;
				CLANG_WARN_OBJC_ROOT_CLASS = YES_ERROR;
				CLANG_WARN_QUOTED_INCLUDE_IN_FRAMEWORK_HEADER = YES;
				CLANG_WARN_RANGE_LOOP_ANALYSIS = YES;
				CLANG_WARN_STRICT_PROTOTYPES = YES;
				CLANG_WARN_SUSPICIOUS_MOVE = YES;
				CLANG_WARN_UNGUARDED_AVAILABILITY = YES_AGGRESSIVE;
				CLANG_WARN_UNREACHABLE_CODE = YES;
				CLANG_WARN__DUPLICATE_METHOD_MATCH = YES;
				COPY_PHASE_STRIP = NO;
				DEBUG_INFORMATION_FORMAT = dwarf;
				ENABLE_STRICT_OBJC_MSGSEND = YES;
				ENABLE_TESTABILITY = YES;
				GCC_C_LANGUAGE_STANDARD = gnu11;
				GCC_DYNAMIC_NO_PIC = NO;
				GCC_NO_COMMON_BLOCKS = YES;
				GCC_OPTIMIZATION_LEVEL = 0;
				GCC_PREPROCESSOR_DEFINITIONS = (
					"DEBUG=1",
					"$(inherited)",
				);
				GCC_WARN_64_TO_32_BIT_CONVERSION = YES;
				GCC_WARN_ABOUT_RETURN_TYPE = YES_ERROR;
				GCC_WARN_UNDECLARED_SELECTOR = YES;
				GCC_WARN_UNINITIALIZED_AUTOS = YES_AGGRESSIVE;
				GCC_WARN_UNUSED_FUNCTION = YES;
				GCC_WARN_UNUSED_VARIABLE = YES;
				IPHONEOS_DEPLOYMENT_TARGET = 16.4;
				MTL_ENABLE_DEBUG_INFO = INCLUDE_SOURCE;
				MTL_FAST_MATH = YES;
				ONLY_ACTIVE_ARCH = YES;
				SDKROOT = iphoneos;
				SWIFT_ACTIVE_COMPILATION_CONDITIONS = DEBUG;
				SWIFT_OPTIMIZATION_LEVEL = "-Onone";
			};
			name = Debug;
		};
		F50D6A922A041BE7009F0689 /* Release */ = {
			isa = XCBuildConfiguration;
			buildSettings = {
				ALWAYS_SEARCH_USER_PATHS = NO;
				CLANG_ANALYZER_NONNULL = YES;
				CLANG_ANALYZER_NUMBER_OBJECT_CONVERSION = YES_AGGRESSIVE;
				CLANG_CXX_LANGUAGE_STANDARD = "gnu++20";
				CLANG_ENABLE_MODULES = YES;
				CLANG_ENABLE_OBJC_ARC = YES;
				CLANG_ENABLE_OBJC_WEAK = YES;
				CLANG_WARN_BLOCK_CAPTURE_AUTORELEASING = YES;
				CLANG_WARN_BOOL_CONVERSION = YES;
				CLANG_WARN_COMMA = YES;
				CLANG_WARN_CONSTANT_CONVERSION = YES;
				CLANG_WARN_DEPRECATED_OBJC_IMPLEMENTATIONS = YES;
				CLANG_WARN_DIRECT_OBJC_ISA_USAGE = YES_ERROR;
				CLANG_WARN_DOCUMENTATION_COMMENTS = YES;
				CLANG_WARN_EMPTY_BODY = YES;
				CLANG_WARN_ENUM_CONVERSION = YES;
				CLANG_WARN_INFINITE_RECURSION = YES;
				CLANG_WARN_INT_CONVERSION = YES;
				CLANG_WARN_NON_LITERAL_NULL_CONVERSION = YES;
				CLANG_WARN_OBJC_IMPLICIT_RETAIN_SELF = YES;
				CLANG_WARN_OBJC_LITERAL_CONVERSION = YES;
				CLANG_WARN_OBJC_ROOT_CLASS = YES_ERROR;
				CLANG_WARN_QUOTED_INCLUDE_IN_FRAMEWORK_HEADER = YES;
				CLANG_WARN_RANGE_LOOP_ANALYSIS = YES;
				CLANG_WARN_STRICT_PROTOTYPES = YES;
				CLANG_WARN_SUSPICIOUS_MOVE = YES;
				CLANG_WARN_UNGUARDED_AVAILABILITY = YES_AGGRESSIVE;
				CLANG_WARN_UNREACHABLE_CODE = YES;
				CLANG_WARN__DUPLICATE_METHOD_MATCH = YES;
				COPY_PHASE_STRIP = NO;
				DEBUG_INFORMATION_FORMAT = "dwarf-with-dsym";
				ENABLE_NS_ASSERTIONS = NO;
				ENABLE_STRICT_OBJC_MSGSEND = YES;
				GCC_C_LANGUAGE_STANDARD = gnu11;
				GCC_NO_COMMON_BLOCKS = YES;
				GCC_WARN_64_TO_32_BIT_CONVERSION = YES;
				GCC_WARN_ABOUT_RETURN_TYPE = YES_ERROR;
				GCC_WARN_UNDECLARED_SELECTOR = YES;
				GCC_WARN_UNINITIALIZED_AUTOS = YES_AGGRESSIVE;
				GCC_WARN_UNUSED_FUNCTION = YES;
				GCC_WARN_UNUSED_VARIABLE = YES;
				IPHONEOS_DEPLOYMENT_TARGET = 16.4;
				MTL_ENABLE_DEBUG_INFO = NO;
				MTL_FAST_MATH = YES;
				SDKROOT = iphoneos;
				SWIFT_COMPILATION_MODE = wholemodule;
				SWIFT_OPTIMIZATION_LEVEL = "-O";
				VALIDATE_PRODUCT = YES;
			};
			name = Release;
		};
		F50D6A942A041BE7009F0689 /* Debug */ = {
			isa = XCBuildConfiguration;
			baseConfigurationReference = E9817B1E1297BBBC148265AB /* Pods-CreditCardList.debug.xcconfig */;
			buildSettings = {
				ASSETCATALOG_COMPILER_APPICON_NAME = AppIcon;
				ASSETCATALOG_COMPILER_GLOBAL_ACCENT_COLOR_NAME = AccentColor;
				CODE_SIGN_STYLE = Automatic;
				CURRENT_PROJECT_VERSION = 1;
				DEVELOPMENT_TEAM = XYC727LR27;
				GENERATE_INFOPLIST_FILE = YES;
				INFOPLIST_FILE = CreditCardList/Info.plist;
				INFOPLIST_KEY_UIApplicationSupportsIndirectInputEvents = YES;
				INFOPLIST_KEY_UILaunchStoryboardName = LaunchScreen;
				INFOPLIST_KEY_UIMainStoryboardFile = Main;
				INFOPLIST_KEY_UISupportedInterfaceOrientations_iPad = "UIInterfaceOrientationPortrait UIInterfaceOrientationPortraitUpsideDown UIInterfaceOrientationLandscapeLeft UIInterfaceOrientationLandscapeRight";
				INFOPLIST_KEY_UISupportedInterfaceOrientations_iPhone = "UIInterfaceOrientationPortrait UIInterfaceOrientationLandscapeLeft UIInterfaceOrientationLandscapeRight";
				LD_RUNPATH_SEARCH_PATHS = (
					"$(inherited)",
					"@executable_path/Frameworks",
				);
				MARKETING_VERSION = 1.0;
				PRODUCT_BUNDLE_IDENTIFIER = sso.CreditCardList;
				PRODUCT_NAME = "$(TARGET_NAME)";
				SWIFT_EMIT_LOC_STRINGS = YES;
				SWIFT_VERSION = 5.0;
				TARGETED_DEVICE_FAMILY = "1,2";
			};
			name = Debug;
		};
		F50D6A952A041BE7009F0689 /* Release */ = {
			isa = XCBuildConfiguration;
			baseConfigurationReference = 5A376198C6F50E0526BA5704 /* Pods-CreditCardList.release.xcconfig */;
			buildSettings = {
				ASSETCATALOG_COMPILER_APPICON_NAME = AppIcon;
				ASSETCATALOG_COMPILER_GLOBAL_ACCENT_COLOR_NAME = AccentColor;
				CODE_SIGN_STYLE = Automatic;
				CURRENT_PROJECT_VERSION = 1;
				DEVELOPMENT_TEAM = XYC727LR27;
				GENERATE_INFOPLIST_FILE = YES;
				INFOPLIST_FILE = CreditCardList/Info.plist;
				INFOPLIST_KEY_UIApplicationSupportsIndirectInputEvents = YES;
				INFOPLIST_KEY_UILaunchStoryboardName = LaunchScreen;
				INFOPLIST_KEY_UIMainStoryboardFile = Main;
				INFOPLIST_KEY_UISupportedInterfaceOrientations_iPad = "UIInterfaceOrientationPortrait UIInterfaceOrientationPortraitUpsideDown UIInterfaceOrientationLandscapeLeft UIInterfaceOrientationLandscapeRight";
				INFOPLIST_KEY_UISupportedInterfaceOrientations_iPhone = "UIInterfaceOrientationPortrait UIInterfaceOrientationLandscapeLeft UIInterfaceOrientationLandscapeRight";
				LD_RUNPATH_SEARCH_PATHS = (
					"$(inherited)",
					"@executable_path/Frameworks",
				);
				MARKETING_VERSION = 1.0;
				PRODUCT_BUNDLE_IDENTIFIER = sso.CreditCardList;
				PRODUCT_NAME = "$(TARGET_NAME)";
				SWIFT_EMIT_LOC_STRINGS = YES;
				SWIFT_VERSION = 5.0;
				TARGETED_DEVICE_FAMILY = "1,2";
			};
			name = Release;
		};
/* End XCBuildConfiguration section */

/* Begin XCConfigurationList section */
		F50D6A7A2A041BE6009F0689 /* Build configuration list for PBXProject "CreditCardList" */ = {
			isa = XCConfigurationList;
			buildConfigurations = (
				F50D6A912A041BE7009F0689 /* Debug */,
				F50D6A922A041BE7009F0689 /* Release */,
			);
			defaultConfigurationIsVisible = 0;
			defaultConfigurationName = Release;
		};
		F50D6A932A041BE7009F0689 /* Build configuration list for PBXNativeTarget "CreditCardList" */ = {
			isa = XCConfigurationList;
			buildConfigurations = (
				F50D6A942A041BE7009F0689 /* Debug */,
				F50D6A952A041BE7009F0689 /* Release */,
			);
			defaultConfigurationIsVisible = 0;
			defaultConfigurationName = Release;
		};
/* End XCConfigurationList section */
	};
	rootObject = F50D6A772A041BE6009F0689 /* Project object */;
}
