// !$*UTF8*$!
{
	archiveVersion = 1;
	classes = {
	};
	objectVersion = 56;
	objects = {

/* Begin PBXBuildFile section */
		F51DD6432A49550300C89D83 /* UIButton+.swift in Sources */ = {isa = PBXBuildFile; fileRef = F51DD6422A49550300C89D83 /* UIButton+.swift */; };
		F51DD6452A49558B00C89D83 /* ProfileViewController.swift in Sources */ = {isa = PBXBuildFile; fileRef = F51DD6442A49558B00C89D83 /* ProfileViewController.swift */; };
		F51DD6492A495B5900C89D83 /* ProfileDataView.swift in Sources */ = {isa = PBXBuildFile; fileRef = F51DD6482A495B5900C89D83 /* ProfileDataView.swift */; };
		F51DD64B2A49622500C89D83 /* ProfileCollectionViewCell.swift in Sources */ = {isa = PBXBuildFile; fileRef = F51DD64A2A49622500C89D83 /* ProfileCollectionViewCell.swift */; };
		F51DD64D2A4BF44300C89D83 /* UploadViewController.swift in Sources */ = {isa = PBXBuildFile; fileRef = F51DD64C2A4BF44300C89D83 /* UploadViewController.swift */; };
		F568D10F2A491362003E4812 /* AppDelegate.swift in Sources */ = {isa = PBXBuildFile; fileRef = F568D10E2A491362003E4812 /* AppDelegate.swift */; };
		F568D1112A491362003E4812 /* SceneDelegate.swift in Sources */ = {isa = PBXBuildFile; fileRef = F568D1102A491362003E4812 /* SceneDelegate.swift */; };
		F568D1132A491362003E4812 /* FeedViewController.swift in Sources */ = {isa = PBXBuildFile; fileRef = F568D1122A491362003E4812 /* FeedViewController.swift */; };
		F568D1182A491363003E4812 /* Assets.xcassets in Resources */ = {isa = PBXBuildFile; fileRef = F568D1172A491363003E4812 /* Assets.xcassets */; };
		F568D11B2A491363003E4812 /* LaunchScreen.storyboard in Resources */ = {isa = PBXBuildFile; fileRef = F568D1192A491363003E4812 /* LaunchScreen.storyboard */; };
		F568D1242A4913AE003E4812 /* SnapKit in Frameworks */ = {isa = PBXBuildFile; productRef = F568D1232A4913AE003E4812 /* SnapKit */; };
		F568D1262A491471003E4812 /* TabBarController.swift in Sources */ = {isa = PBXBuildFile; fileRef = F568D1252A491471003E4812 /* TabBarController.swift */; };
		F568D1292A491DE3003E4812 /* FeedTableViewCell.swift in Sources */ = {isa = PBXBuildFile; fileRef = F568D1282A491DE3003E4812 /* FeedTableViewCell.swift */; };
/* End PBXBuildFile section */

/* Begin PBXFileReference section */
		F51DD6422A49550300C89D83 /* UIButton+.swift */ = {isa = PBXFileReference; lastKnownFileType = sourcecode.swift; path = "UIButton+.swift"; sourceTree = "<group>"; };
		F51DD6442A49558B00C89D83 /* ProfileViewController.swift */ = {isa = PBXFileReference; lastKnownFileType = sourcecode.swift; path = ProfileViewController.swift; sourceTree = "<group>"; };
		F51DD6482A495B5900C89D83 /* ProfileDataView.swift */ = {isa = PBXFileReference; lastKnownFileType = sourcecode.swift; path = ProfileDataView.swift; sourceTree = "<group>"; };
		F51DD64A2A49622500C89D83 /* ProfileCollectionViewCell.swift */ = {isa = PBXFileReference; lastKnownFileType = sourcecode.swift; path = ProfileCollectionViewCell.swift; sourceTree = "<group>"; };
		F51DD64C2A4BF44300C89D83 /* UploadViewController.swift */ = {isa = PBXFileReference; lastKnownFileType = sourcecode.swift; path = UploadViewController.swift; sourceTree = "<group>"; };
		F568D10B2A491362003E4812 /* InstagramApp.app */ = {isa = PBXFileReference; explicitFileType = wrapper.application; includeInIndex = 0; path = InstagramApp.app; sourceTree = BUILT_PRODUCTS_DIR; };
		F568D10E2A491362003E4812 /* AppDelegate.swift */ = {isa = PBXFileReference; lastKnownFileType = sourcecode.swift; path = AppDelegate.swift; sourceTree = "<group>"; };
		F568D1102A491362003E4812 /* SceneDelegate.swift */ = {isa = PBXFileReference; lastKnownFileType = sourcecode.swift; path = SceneDelegate.swift; sourceTree = "<group>"; };
		F568D1122A491362003E4812 /* FeedViewController.swift */ = {isa = PBXFileReference; lastKnownFileType = sourcecode.swift; path = FeedViewController.swift; sourceTree = "<group>"; };
		F568D1172A491363003E4812 /* Assets.xcassets */ = {isa = PBXFileReference; lastKnownFileType = folder.assetcatalog; path = Assets.xcassets; sourceTree = "<group>"; };
		F568D11A2A491363003E4812 /* Base */ = {isa = PBXFileReference; lastKnownFileType = file.storyboard; name = Base; path = Base.lproj/LaunchScreen.storyboard; sourceTree = "<group>"; };
		F568D11C2A491363003E4812 /* Info.plist */ = {isa = PBXFileReference; lastKnownFileType = text.plist.xml; path = Info.plist; sourceTree = "<group>"; };
		F568D1252A491471003E4812 /* TabBarController.swift */ = {isa = PBXFileReference; lastKnownFileType = sourcecode.swift; path = TabBarController.swift; sourceTree = "<group>"; };
		F568D1282A491DE3003E4812 /* FeedTableViewCell.swift */ = {isa = PBXFileReference; lastKnownFileType = sourcecode.swift; path = FeedTableViewCell.swift; sourceTree = "<group>"; };
/* End PBXFileReference section */

/* Begin PBXFrameworksBuildPhase section */
		F568D1082A491362003E4812 /* Frameworks */ = {
			isa = PBXFrameworksBuildPhase;
			buildActionMask = 2147483647;
			files = (
				F568D1242A4913AE003E4812 /* SnapKit in Frameworks */,
			);
			runOnlyForDeploymentPostprocessing = 0;
		};
/* End PBXFrameworksBuildPhase section */

/* Begin PBXGroup section */
		F51DD6462A4955FC00C89D83 /* Feed */ = {
			isa = PBXGroup;
			children = (
				F568D1122A491362003E4812 /* FeedViewController.swift */,
				F568D1282A491DE3003E4812 /* FeedTableViewCell.swift */,
				F51DD64C2A4BF44300C89D83 /* UploadViewController.swift */,
			);
			name = Feed;
			sourceTree = "<group>";
		};
		F51DD6472A49560A00C89D83 /* Profile */ = {
			isa = PBXGroup;
			children = (
				F51DD6442A49558B00C89D83 /* ProfileViewController.swift */,
				F51DD6482A495B5900C89D83 /* ProfileDataView.swift */,
				F51DD64A2A49622500C89D83 /* ProfileCollectionViewCell.swift */,
			);
			name = Profile;
			sourceTree = "<group>";
		};
		F568D1022A491362003E4812 = {
			isa = PBXGroup;
			children = (
				F568D10D2A491362003E4812 /* InstagramApp */,
				F568D10C2A491362003E4812 /* Products */,
			);
			sourceTree = "<group>";
		};
		F568D10C2A491362003E4812 /* Products */ = {
			isa = PBXGroup;
			children = (
				F568D10B2A491362003E4812 /* InstagramApp.app */,
			);
			name = Products;
			sourceTree = "<group>";
		};
		F568D10D2A491362003E4812 /* InstagramApp */ = {
			isa = PBXGroup;
			children = (
				F568D10E2A491362003E4812 /* AppDelegate.swift */,
				F568D1102A491362003E4812 /* SceneDelegate.swift */,
				F568D1272A491475003E4812 /* scene */,
				F568D1172A491363003E4812 /* Assets.xcassets */,
				F568D1192A491363003E4812 /* LaunchScreen.storyboard */,
				F568D11C2A491363003E4812 /* Info.plist */,
				F51DD6422A49550300C89D83 /* UIButton+.swift */,
			);
			path = InstagramApp;
			sourceTree = "<group>";
		};
		F568D1272A491475003E4812 /* scene */ = {
			isa = PBXGroup;
			children = (
				F51DD6462A4955FC00C89D83 /* Feed */,
				F51DD6472A49560A00C89D83 /* Profile */,
				F568D1252A491471003E4812 /* TabBarController.swift */,
			);
			path = scene;
			sourceTree = "<group>";
		};
/* End PBXGroup section */

/* Begin PBXNativeTarget section */
		F568D10A2A491362003E4812 /* InstagramApp */ = {
			isa = PBXNativeTarget;
			buildConfigurationList = F568D11F2A491363003E4812 /* Build configuration list for PBXNativeTarget "InstagramApp" */;
			buildPhases = (
				F568D1072A491362003E4812 /* Sources */,
				F568D1082A491362003E4812 /* Frameworks */,
				F568D1092A491362003E4812 /* Resources */,
			);
			buildRules = (
			);
			dependencies = (
			);
			name = InstagramApp;
			packageProductDependencies = (
				F568D1232A4913AE003E4812 /* SnapKit */,
			);
			productName = InstagramApp;
			productReference = F568D10B2A491362003E4812 /* InstagramApp.app */;
			productType = "com.apple.product-type.application";
		};
/* End PBXNativeTarget section */

/* Begin PBXProject section */
		F568D1032A491362003E4812 /* Project object */ = {
			isa = PBXProject;
			attributes = {
				BuildIndependentTargetsInParallel = 1;
				LastSwiftUpdateCheck = 1430;
				LastUpgradeCheck = 1430;
				TargetAttributes = {
					F568D10A2A491362003E4812 = {
						CreatedOnToolsVersion = 14.3.1;
					};
				};
			};
			buildConfigurationList = F568D1062A491362003E4812 /* Build configuration list for PBXProject "InstagramApp" */;
			compatibilityVersion = "Xcode 14.0";
			developmentRegion = en;
			hasScannedForEncodings = 0;
			knownRegions = (
				en,
				Base,
			);
			mainGroup = F568D1022A491362003E4812;
			packageReferences = (
				F568D1222A4913AE003E4812 /* XCRemoteSwiftPackageReference "SnapKit" */,
			);
			productRefGroup = F568D10C2A491362003E4812 /* Products */;
			projectDirPath = "";
			projectRoot = "";
			targets = (
				F568D10A2A491362003E4812 /* InstagramApp */,
			);
		};
/* End PBXProject section */

/* Begin PBXResourcesBuildPhase section */
		F568D1092A491362003E4812 /* Resources */ = {
			isa = PBXResourcesBuildPhase;
			buildActionMask = 2147483647;
			files = (
				F568D11B2A491363003E4812 /* LaunchScreen.storyboard in Resources */,
				F568D1182A491363003E4812 /* Assets.xcassets in Resources */,
			);
			runOnlyForDeploymentPostprocessing = 0;
		};
/* End PBXResourcesBuildPhase section */

/* Begin PBXSourcesBuildPhase section */
		F568D1072A491362003E4812 /* Sources */ = {
			isa = PBXSourcesBuildPhase;
			buildActionMask = 2147483647;
			files = (
				F568D1132A491362003E4812 /* FeedViewController.swift in Sources */,
				F51DD64D2A4BF44300C89D83 /* UploadViewController.swift in Sources */,
				F51DD64B2A49622500C89D83 /* ProfileCollectionViewCell.swift in Sources */,
				F51DD6432A49550300C89D83 /* UIButton+.swift in Sources */,
				F568D1262A491471003E4812 /* TabBarController.swift in Sources */,
				F568D1292A491DE3003E4812 /* FeedTableViewCell.swift in Sources */,
				F51DD6452A49558B00C89D83 /* ProfileViewController.swift in Sources */,
				F568D10F2A491362003E4812 /* AppDelegate.swift in Sources */,
				F51DD6492A495B5900C89D83 /* ProfileDataView.swift in Sources */,
				F568D1112A491362003E4812 /* SceneDelegate.swift in Sources */,
			);
			runOnlyForDeploymentPostprocessing = 0;
		};
/* End PBXSourcesBuildPhase section */

/* Begin PBXVariantGroup section */
		F568D1192A491363003E4812 /* LaunchScreen.storyboard */ = {
			isa = PBXVariantGroup;
			children = (
				F568D11A2A491363003E4812 /* Base */,
			);
			name = LaunchScreen.storyboard;
			sourceTree = "<group>";
		};
/* End PBXVariantGroup section */

/* Begin XCBuildConfiguration section */
		F568D11D2A491363003E4812 /* Debug */ = {
			isa = XCBuildConfiguration;
			buildSettings = {
				ALWAYS_SEARCH_USER_PATHS = NO;
				CLANG_ANALYZER_NONNULL = YES;
				CLANG_ANALYZER_NUMBER_OBJECT_CONVERSION = YES_AGGRESSIVE;
				CLANG_CXX_LANGUAGE_STANDARD = "gnu++20";
				CLANG_ENABLE_MODULES = YES;
				CLANG_ENABLE_OBJC_ARC = YES;
				CLANG_ENABLE_OBJC_WEAK = YES;
				CLANG_WARN_BLOCK_CAPTURE_AUTORELEASING = YES;
				CLANG_WARN_BOOL_CONVERSION = YES;
				CLANG_WARN_COMMA = YES;
				CLANG_WARN_CONSTANT_CONVERSION = YES;
				CLANG_WARN_DEPRECATED_OBJC_IMPLEMENTATIONS = YES;
				CLANG_WARN_DIRECT_OBJC_ISA_USAGE = YES_ERROR;
				CLANG_WARN_DOCUMENTATION_COMMENTS = YES;
				CLANG_WARN_EMPTY_BODY = YES;
				CLANG_WARN_ENUM_CONVERSION = YES;
				CLANG_WARN_INFINITE_RECURSION = YES;
				CLANG_WARN_INT_CONVERSION = YES;
				CLANG_WARN_NON_LITERAL_NULL_CONVERSION = YES;
				CLANG_WARN_OBJC_IMPLICIT_RETAIN_SELF = YES;
				CLANG_WARN_OBJC_LITERAL_CONVERSION = YES;
				CLANG_WARN_OBJC_ROOT_CLASS = YES_ERROR;
				CLANG_WARN_QUOTED_INCLUDE_IN_FRAMEWORK_HEADER = YES;
				CLANG_WARN_RANGE_LOOP_ANALYSIS = YES;
				CLANG_WARN_STRICT_PROTOTYPES = YES;
				CLANG_WARN_SUSPICIOUS_MOVE = YES;
				CLANG_WARN_UNGUARDED_AVAILABILITY = YES_AGGRESSIVE;
				CLANG_WARN_UNREACHABLE_CODE = YES;
				CLANG_WARN__DUPLICATE_METHOD_MATCH = YES;
				COPY_PHASE_STRIP = NO;
				DEBUG_INFORMATION_FORMAT = dwarf;
				ENABLE_STRICT_OBJC_MSGSEND = YES;
				ENABLE_TESTABILITY = YES;
				GCC_C_LANGUAGE_STANDARD = gnu11;
				GCC_DYNAMIC_NO_PIC = NO;
				GCC_NO_COMMON_BLOCKS = YES;
				GCC_OPTIMIZATION_LEVEL = 0;
				GCC_PREPROCESSOR_DEFINITIONS = (
					"DEBUG=1",
					"$(inherited)",
				);
				GCC_WARN_64_TO_32_BIT_CONVERSION = YES;
				GCC_WARN_ABOUT_RETURN_TYPE = YES_ERROR;
				GCC_WARN_UNDECLARED_SELECTOR = YES;
				GCC_WARN_UNINITIALIZED_AUTOS = YES_AGGRESSIVE;
				GCC_WARN_UNUSED_FUNCTION = YES;
				GCC_WARN_UNUSED_VARIABLE = YES;
				IPHONEOS_DEPLOYMENT_TARGET = 16.4;
				MTL_ENABLE_DEBUG_INFO = INCLUDE_SOURCE;
				MTL_FAST_MATH = YES;
				ONLY_ACTIVE_ARCH = YES;
				SDKROOT = iphoneos;
				SWIFT_ACTIVE_COMPILATION_CONDITIONS = DEBUG;
				SWIFT_OPTIMIZATION_LEVEL = "-Onone";
			};
			name = Debug;
		};
		F568D11E2A491363003E4812 /* Release */ = {
			isa = XCBuildConfiguration;
			buildSettings = {
				ALWAYS_SEARCH_USER_PATHS = NO;
				CLANG_ANALYZER_NONNULL = YES;
				CLANG_ANALYZER_NUMBER_OBJECT_CONVERSION = YES_AGGRESSIVE;
				CLANG_CXX_LANGUAGE_STANDARD = "gnu++20";
				CLANG_ENABLE_MODULES = YES;
				CLANG_ENABLE_OBJC_ARC = YES;
				CLANG_ENABLE_OBJC_WEAK = YES;
				CLANG_WARN_BLOCK_CAPTURE_AUTORELEASING = YES;
				CLANG_WARN_BOOL_CONVERSION = YES;
				CLANG_WARN_COMMA = YES;
				CLANG_WARN_CONSTANT_CONVERSION = YES;
				CLANG_WARN_DEPRECATED_OBJC_IMPLEMENTATIONS = YES;
				CLANG_WARN_DIRECT_OBJC_ISA_USAGE = YES_ERROR;
				CLANG_WARN_DOCUMENTATION_COMMENTS = YES;
				CLANG_WARN_EMPTY_BODY = YES;
				CLANG_WARN_ENUM_CONVERSION = YES;
				CLANG_WARN_INFINITE_RECURSION = YES;
				CLANG_WARN_INT_CONVERSION = YES;
				CLANG_WARN_NON_LITERAL_NULL_CONVERSION = YES;
				CLANG_WARN_OBJC_IMPLICIT_RETAIN_SELF = YES;
				CLANG_WARN_OBJC_LITERAL_CONVERSION = YES;
				CLANG_WARN_OBJC_ROOT_CLASS = YES_ERROR;
				CLANG_WARN_QUOTED_INCLUDE_IN_FRAMEWORK_HEADER = YES;
				CLANG_WARN_RANGE_LOOP_ANALYSIS = YES;
				CLANG_WARN_STRICT_PROTOTYPES = YES;
				CLANG_WARN_SUSPICIOUS_MOVE = YES;
				CLANG_WARN_UNGUARDED_AVAILABILITY = YES_AGGRESSIVE;
				CLANG_WARN_UNREACHABLE_CODE = YES;
				CLANG_WARN__DUPLICATE_METHOD_MATCH = YES;
				COPY_PHASE_STRIP = NO;
				DEBUG_INFORMATION_FORMAT = "dwarf-with-dsym";
				ENABLE_NS_ASSERTIONS = NO;
				ENABLE_STRICT_OBJC_MSGSEND = YES;
				GCC_C_LANGUAGE_STANDARD = gnu11;
				GCC_NO_COMMON_BLOCKS = YES;
				GCC_WARN_64_TO_32_BIT_CONVERSION = YES;
				GCC_WARN_ABOUT_RETURN_TYPE = YES_ERROR;
				GCC_WARN_UNDECLARED_SELECTOR = YES;
				GCC_WARN_UNINITIALIZED_AUTOS = YES_AGGRESSIVE;
				GCC_WARN_UNUSED_FUNCTION = YES;
				GCC_WARN_UNUSED_VARIABLE = YES;
				IPHONEOS_DEPLOYMENT_TARGET = 16.4;
				MTL_ENABLE_DEBUG_INFO = NO;
				MTL_FAST_MATH = YES;
				SDKROOT = iphoneos;
				SWIFT_COMPILATION_MODE = wholemodule;
				SWIFT_OPTIMIZATION_LEVEL = "-O";
				VALIDATE_PRODUCT = YES;
			};
			name = Release;
		};
		F568D1202A491363003E4812 /* Debug */ = {
			isa = XCBuildConfiguration;
			buildSettings = {
				ASSETCATALOG_COMPILER_APPICON_NAME = AppIcon;
				ASSETCATALOG_COMPILER_GLOBAL_ACCENT_COLOR_NAME = AccentColor;
				CODE_SIGN_STYLE = Automatic;
				CURRENT_PROJECT_VERSION = 1;
				DEVELOPMENT_TEAM = XYC727LR27;
				GENERATE_INFOPLIST_FILE = YES;
				INFOPLIST_FILE = InstagramApp/Info.plist;
				INFOPLIST_KEY_UIApplicationSupportsIndirectInputEvents = YES;
				INFOPLIST_KEY_UILaunchStoryboardName = LaunchScreen;
				INFOPLIST_KEY_UIMainStoryboardFile = "";
				INFOPLIST_KEY_UISupportedInterfaceOrientations_iPad = "UIInterfaceOrientationPortrait UIInterfaceOrientationPortraitUpsideDown UIInterfaceOrientationLandscapeLeft UIInterfaceOrientationLandscapeRight";
				INFOPLIST_KEY_UISupportedInterfaceOrientations_iPhone = "UIInterfaceOrientationPortrait UIInterfaceOrientationLandscapeLeft UIInterfaceOrientationLandscapeRight";
				LD_RUNPATH_SEARCH_PATHS = (
					"$(inherited)",
					"@executable_path/Frameworks",
				);
				MARKETING_VERSION = 1.0;
				PRODUCT_BUNDLE_IDENTIFIER = sso.InstagramApp;
				PRODUCT_NAME = "$(TARGET_NAME)";
				SWIFT_EMIT_LOC_STRINGS = YES;
				SWIFT_VERSION = 5.0;
				TARGETED_DEVICE_FAMILY = "1,2";
			};
			name = Debug;
		};
		F568D1212A491363003E4812 /* Release */ = {
			isa = XCBuildConfiguration;
			buildSettings = {
				ASSETCATALOG_COMPILER_APPICON_NAME = AppIcon;
				ASSETCATALOG_COMPILER_GLOBAL_ACCENT_COLOR_NAME = AccentColor;
				CODE_SIGN_STYLE = Automatic;
				CURRENT_PROJECT_VERSION = 1;
				DEVELOPMENT_TEAM = XYC727LR27;
				GENERATE_INFOPLIST_FILE = YES;
				INFOPLIST_FILE = InstagramApp/Info.plist;
				INFOPLIST_KEY_UIApplicationSupportsIndirectInputEvents = YES;
				INFOPLIST_KEY_UILaunchStoryboardName = LaunchScreen;
				INFOPLIST_KEY_UIMainStoryboardFile = "";
				INFOPLIST_KEY_UISupportedInterfaceOrientations_iPad = "UIInterfaceOrientationPortrait UIInterfaceOrientationPortraitUpsideDown UIInterfaceOrientationLandscapeLeft UIInterfaceOrientationLandscapeRight";
				INFOPLIST_KEY_UISupportedInterfaceOrientations_iPhone = "UIInterfaceOrientationPortrait UIInterfaceOrientationLandscapeLeft UIInterfaceOrientationLandscapeRight";
				LD_RUNPATH_SEARCH_PATHS = (
					"$(inherited)",
					"@executable_path/Frameworks",
				);
				MARKETING_VERSION = 1.0;
				PRODUCT_BUNDLE_IDENTIFIER = sso.InstagramApp;
				PRODUCT_NAME = "$(TARGET_NAME)";
				SWIFT_EMIT_LOC_STRINGS = YES;
				SWIFT_VERSION = 5.0;
				TARGETED_DEVICE_FAMILY = "1,2";
			};
			name = Release;
		};
/* End XCBuildConfiguration section */

/* Begin XCConfigurationList section */
		F568D1062A491362003E4812 /* Build configuration list for PBXProject "InstagramApp" */ = {
			isa = XCConfigurationList;
			buildConfigurations = (
				F568D11D2A491363003E4812 /* Debug */,
				F568D11E2A491363003E4812 /* Release */,
			);
			defaultConfigurationIsVisible = 0;
			defaultConfigurationName = Release;
		};
		F568D11F2A491363003E4812 /* Build configuration list for PBXNativeTarget "InstagramApp" */ = {
			isa = XCConfigurationList;
			buildConfigurations = (
				F568D1202A491363003E4812 /* Debug */,
				F568D1212A491363003E4812 /* Release */,
			);
			defaultConfigurationIsVisible = 0;
			defaultConfigurationName = Release;
		};
/* End XCConfigurationList section */

/* Begin XCRemoteSwiftPackageReference section */
		F568D1222A4913AE003E4812 /* XCRemoteSwiftPackageReference "SnapKit" */ = {
			isa = XCRemoteSwiftPackageReference;
			repositoryURL = "https://github.com/SnapKit/SnapKit.git";
			requirement = {
				kind = upToNextMajorVersion;
				minimumVersion = 5.0.0;
			};
		};
/* End XCRemoteSwiftPackageReference section */

/* Begin XCSwiftPackageProductDependency section */
		F568D1232A4913AE003E4812 /* SnapKit */ = {
			isa = XCSwiftPackageProductDependency;
			package = F568D1222A4913AE003E4812 /* XCRemoteSwiftPackageReference "SnapKit" */;
			productName = SnapKit;
		};
/* End XCSwiftPackageProductDependency section */
	};
	rootObject = F568D1032A491362003E4812 /* Project object */;
}
