// !$*UTF8*$!
{
	archiveVersion = 1;
	classes = {
	};
	objectVersion = 56;
	objects = {

/* Begin PBXBuildFile section */
		F53E26B12A210FE500E5CFB6 /* AppDelegate.swift in Sources */ = {isa = PBXBuildFile; fileRef = F53E26B02A210FE500E5CFB6 /* AppDelegate.swift */; };
		F53E26B32A210FE500E5CFB6 /* SceneDelegate.swift in Sources */ = {isa = PBXBuildFile; fileRef = F53E26B22A210FE500E5CFB6 /* SceneDelegate.swift */; };
		F53E26BA2A210FE600E5CFB6 /* Assets.xcassets in Resources */ = {isa = PBXBuildFile; fileRef = F53E26B92A210FE600E5CFB6 /* Assets.xcassets */; };
		F53E26BD2A210FE600E5CFB6 /* LaunchScreen.storyboard in Resources */ = {isa = PBXBuildFile; fileRef = F53E26BB2A210FE600E5CFB6 /* LaunchScreen.storyboard */; };
		F53E26C52A21103900E5CFB6 /* HomeViewController.swift in Sources */ = {isa = PBXBuildFile; fileRef = F53E26C42A21103900E5CFB6 /* HomeViewController.swift */; };
		F53E26C82A21119B00E5CFB6 /* SnapKit in Frameworks */ = {isa = PBXBuildFile; productRef = F53E26C72A21119B00E5CFB6 /* SnapKit */; };
		F53E26CC2A21132400E5CFB6 /* Content.plist in Resources */ = {isa = PBXBuildFile; fileRef = F53E26CB2A21132400E5CFB6 /* Content.plist */; };
		F53E26CE2A21135200E5CFB6 /* Content.swift in Sources */ = {isa = PBXBuildFile; fileRef = F53E26CD2A21135200E5CFB6 /* Content.swift */; };
		F53E26D02A21168A00E5CFB6 /* ContentCollectionViewCell.swift in Sources */ = {isa = PBXBuildFile; fileRef = F53E26CF2A21168A00E5CFB6 /* ContentCollectionViewCell.swift */; };
		F53E26D22A21183900E5CFB6 /* ContentCollectionViewHeader.swift in Sources */ = {isa = PBXBuildFile; fileRef = F53E26D12A21183900E5CFB6 /* ContentCollectionViewHeader.swift */; };
		F55DB4DD2A212B4600CFFF98 /* ReuseableProtocl.swift in Sources */ = {isa = PBXBuildFile; fileRef = F55DB4DC2A212B4600CFFF98 /* ReuseableProtocl.swift */; };
		F58463EB2A2271CD008F5E4A /* ContentCollectionViewRankCell.swift in Sources */ = {isa = PBXBuildFile; fileRef = F58463EA2A2271CD008F5E4A /* ContentCollectionViewRankCell.swift */; };
		F58463ED2A22768B008F5E4A /* ContentCollectionViewMainCell.swift in Sources */ = {isa = PBXBuildFile; fileRef = F58463EC2A22768B008F5E4A /* ContentCollectionViewMainCell.swift */; };
		F58463EF2A227BA9008F5E4A /* UIButton.swift in Sources */ = {isa = PBXBuildFile; fileRef = F58463EE2A227BA9008F5E4A /* UIButton.swift */; };
/* End PBXBuildFile section */

/* Begin PBXFileReference section */
		F53E26AD2A210FE500E5CFB6 /* NetflixStyleSampleApp.app */ = {isa = PBXFileReference; explicitFileType = wrapper.application; includeInIndex = 0; path = NetflixStyleSampleApp.app; sourceTree = BUILT_PRODUCTS_DIR; };
		F53E26B02A210FE500E5CFB6 /* AppDelegate.swift */ = {isa = PBXFileReference; lastKnownFileType = sourcecode.swift; path = AppDelegate.swift; sourceTree = "<group>"; };
		F53E26B22A210FE500E5CFB6 /* SceneDelegate.swift */ = {isa = PBXFileReference; lastKnownFileType = sourcecode.swift; path = SceneDelegate.swift; sourceTree = "<group>"; };
		F53E26B92A210FE600E5CFB6 /* Assets.xcassets */ = {isa = PBXFileReference; lastKnownFileType = folder.assetcatalog; path = Assets.xcassets; sourceTree = "<group>"; };
		F53E26BC2A210FE600E5CFB6 /* Base */ = {isa = PBXFileReference; lastKnownFileType = file.storyboard; name = Base; path = Base.lproj/LaunchScreen.storyboard; sourceTree = "<group>"; };
		F53E26BE2A210FE600E5CFB6 /* Info.plist */ = {isa = PBXFileReference; lastKnownFileType = text.plist.xml; path = Info.plist; sourceTree = "<group>"; };
		F53E26C42A21103900E5CFB6 /* HomeViewController.swift */ = {isa = PBXFileReference; lastKnownFileType = sourcecode.swift; path = HomeViewController.swift; sourceTree = "<group>"; };
		F53E26CB2A21132400E5CFB6 /* Content.plist */ = {isa = PBXFileReference; fileEncoding = 4; lastKnownFileType = text.plist.xml; name = Content.plist; path = "../../../../Downloads/swift 강의 자료/Part 3/Ch6_NetflixStyle/Content.plist"; sourceTree = "<group>"; };
		F53E26CD2A21135200E5CFB6 /* Content.swift */ = {isa = PBXFileReference; lastKnownFileType = sourcecode.swift; path = Content.swift; sourceTree = "<group>"; };
		F53E26CF2A21168A00E5CFB6 /* ContentCollectionViewCell.swift */ = {isa = PBXFileReference; lastKnownFileType = sourcecode.swift; path = ContentCollectionViewCell.swift; sourceTree = "<group>"; };
		F53E26D12A21183900E5CFB6 /* ContentCollectionViewHeader.swift */ = {isa = PBXFileReference; lastKnownFileType = sourcecode.swift; path = ContentCollectionViewHeader.swift; sourceTree = "<group>"; };
		F55DB4DC2A212B4600CFFF98 /* ReuseableProtocl.swift */ = {isa = PBXFileReference; lastKnownFileType = sourcecode.swift; path = ReuseableProtocl.swift; sourceTree = "<group>"; };
		F58463EA2A2271CD008F5E4A /* ContentCollectionViewRankCell.swift */ = {isa = PBXFileReference; lastKnownFileType = sourcecode.swift; path = ContentCollectionViewRankCell.swift; sourceTree = "<group>"; };
		F58463EC2A22768B008F5E4A /* ContentCollectionViewMainCell.swift */ = {isa = PBXFileReference; lastKnownFileType = sourcecode.swift; path = ContentCollectionViewMainCell.swift; sourceTree = "<group>"; };
		F58463EE2A227BA9008F5E4A /* UIButton.swift */ = {isa = PBXFileReference; lastKnownFileType = sourcecode.swift; path = UIButton.swift; sourceTree = "<group>"; };
/* End PBXFileReference section */

/* Begin PBXFrameworksBuildPhase section */
		F53E26AA2A210FE500E5CFB6 /* Frameworks */ = {
			isa = PBXFrameworksBuildPhase;
			buildActionMask = 2147483647;
			files = (
				F53E26C82A21119B00E5CFB6 /* SnapKit in Frameworks */,
			);
			runOnlyForDeploymentPostprocessing = 0;
		};
/* End PBXFrameworksBuildPhase section */

/* Begin PBXGroup section */
		F53E26A42A210FE500E5CFB6 = {
			isa = PBXGroup;
			children = (
				F53E26AF2A210FE500E5CFB6 /* NetflixStyleSampleApp */,
				F53E26AE2A210FE500E5CFB6 /* Products */,
			);
			sourceTree = "<group>";
		};
		F53E26AE2A210FE500E5CFB6 /* Products */ = {
			isa = PBXGroup;
			children = (
				F53E26AD2A210FE500E5CFB6 /* NetflixStyleSampleApp.app */,
			);
			name = Products;
			sourceTree = "<group>";
		};
		F53E26AF2A210FE500E5CFB6 /* NetflixStyleSampleApp */ = {
			isa = PBXGroup;
			children = (
				F53E26B02A210FE500E5CFB6 /* AppDelegate.swift */,
				F53E26B22A210FE500E5CFB6 /* SceneDelegate.swift */,
				F53E26B92A210FE600E5CFB6 /* Assets.xcassets */,
				F53E26BB2A210FE600E5CFB6 /* LaunchScreen.storyboard */,
				F53E26BE2A210FE600E5CFB6 /* Info.plist */,
				F53E26CB2A21132400E5CFB6 /* Content.plist */,
				F53E26C42A21103900E5CFB6 /* HomeViewController.swift */,
				F53E26CD2A21135200E5CFB6 /* Content.swift */,
				F53E26CF2A21168A00E5CFB6 /* ContentCollectionViewCell.swift */,
				F53E26D12A21183900E5CFB6 /* ContentCollectionViewHeader.swift */,
				F55DB4DC2A212B4600CFFF98 /* ReuseableProtocl.swift */,
				F58463EA2A2271CD008F5E4A /* ContentCollectionViewRankCell.swift */,
				F58463EC2A22768B008F5E4A /* ContentCollectionViewMainCell.swift */,
				F58463EE2A227BA9008F5E4A /* UIButton.swift */,
			);
			path = NetflixStyleSampleApp;
			sourceTree = "<group>";
		};
/* End PBXGroup section */

/* Begin PBXNativeTarget section */
		F53E26AC2A210FE500E5CFB6 /* NetflixStyleSampleApp */ = {
			isa = PBXNativeTarget;
			buildConfigurationList = F53E26C12A210FE600E5CFB6 /* Build configuration list for PBXNativeTarget "NetflixStyleSampleApp" */;
			buildPhases = (
				F53E26A92A210FE500E5CFB6 /* Sources */,
				F53E26AA2A210FE500E5CFB6 /* Frameworks */,
				F53E26AB2A210FE500E5CFB6 /* Resources */,
			);
			buildRules = (
			);
			dependencies = (
			);
			name = NetflixStyleSampleApp;
			packageProductDependencies = (
				F53E26C72A21119B00E5CFB6 /* SnapKit */,
			);
			productName = NetflixStyleSampleApp;
			productReference = F53E26AD2A210FE500E5CFB6 /* NetflixStyleSampleApp.app */;
			productType = "com.apple.product-type.application";
		};
/* End PBXNativeTarget section */

/* Begin PBXProject section */
		F53E26A52A210FE500E5CFB6 /* Project object */ = {
			isa = PBXProject;
			attributes = {
				BuildIndependentTargetsInParallel = 1;
				LastSwiftUpdateCheck = 1430;
				LastUpgradeCheck = 1430;
				TargetAttributes = {
					F53E26AC2A210FE500E5CFB6 = {
						CreatedOnToolsVersion = 14.3;
					};
				};
			};
			buildConfigurationList = F53E26A82A210FE500E5CFB6 /* Build configuration list for PBXProject "NetflixStyleSampleApp" */;
			compatibilityVersion = "Xcode 14.0";
			developmentRegion = en;
			hasScannedForEncodings = 0;
			knownRegions = (
				en,
				Base,
			);
			mainGroup = F53E26A42A210FE500E5CFB6;
			packageReferences = (
				F53E26C62A21119B00E5CFB6 /* XCRemoteSwiftPackageReference "SnapKit" */,
			);
			productRefGroup = F53E26AE2A210FE500E5CFB6 /* Products */;
			projectDirPath = "";
			projectRoot = "";
			targets = (
				F53E26AC2A210FE500E5CFB6 /* NetflixStyleSampleApp */,
			);
		};
/* End PBXProject section */

/* Begin PBXResourcesBuildPhase section */
		F53E26AB2A210FE500E5CFB6 /* Resources */ = {
			isa = PBXResourcesBuildPhase;
			buildActionMask = 2147483647;
			files = (
				F53E26BD2A210FE600E5CFB6 /* LaunchScreen.storyboard in Resources */,
				F53E26BA2A210FE600E5CFB6 /* Assets.xcassets in Resources */,
				F53E26CC2A21132400E5CFB6 /* Content.plist in Resources */,
			);
			runOnlyForDeploymentPostprocessing = 0;
		};
/* End PBXResourcesBuildPhase section */

/* Begin PBXSourcesBuildPhase section */
		F53E26A92A210FE500E5CFB6 /* Sources */ = {
			isa = PBXSourcesBuildPhase;
			buildActionMask = 2147483647;
			files = (
				F58463ED2A22768B008F5E4A /* ContentCollectionViewMainCell.swift in Sources */,
				F53E26B12A210FE500E5CFB6 /* AppDelegate.swift in Sources */,
				F53E26D22A21183900E5CFB6 /* ContentCollectionViewHeader.swift in Sources */,
				F53E26B32A210FE500E5CFB6 /* SceneDelegate.swift in Sources */,
				F55DB4DD2A212B4600CFFF98 /* ReuseableProtocl.swift in Sources */,
				F58463EF2A227BA9008F5E4A /* UIButton.swift in Sources */,
				F58463EB2A2271CD008F5E4A /* ContentCollectionViewRankCell.swift in Sources */,
				F53E26C52A21103900E5CFB6 /* HomeViewController.swift in Sources */,
				F53E26CE2A21135200E5CFB6 /* Content.swift in Sources */,
				F53E26D02A21168A00E5CFB6 /* ContentCollectionViewCell.swift in Sources */,
			);
			runOnlyForDeploymentPostprocessing = 0;
		};
/* End PBXSourcesBuildPhase section */

/* Begin PBXVariantGroup section */
		F53E26BB2A210FE600E5CFB6 /* LaunchScreen.storyboard */ = {
			isa = PBXVariantGroup;
			children = (
				F53E26BC2A210FE600E5CFB6 /* Base */,
			);
			name = LaunchScreen.storyboard;
			sourceTree = "<group>";
		};
/* End PBXVariantGroup section */

/* Begin XCBuildConfiguration section */
		F53E26BF2A210FE600E5CFB6 /* Debug */ = {
			isa = XCBuildConfiguration;
			buildSettings = {
				ALWAYS_SEARCH_USER_PATHS = NO;
				CLANG_ANALYZER_NONNULL = YES;
				CLANG_ANALYZER_NUMBER_OBJECT_CONVERSION = YES_AGGRESSIVE;
				CLANG_CXX_LANGUAGE_STANDARD = "gnu++20";
				CLANG_ENABLE_MODULES = YES;
				CLANG_ENABLE_OBJC_ARC = YES;
				CLANG_ENABLE_OBJC_WEAK = YES;
				CLANG_WARN_BLOCK_CAPTURE_AUTORELEASING = YES;
				CLANG_WARN_BOOL_CONVERSION = YES;
				CLANG_WARN_COMMA = YES;
				CLANG_WARN_CONSTANT_CONVERSION = YES;
				CLANG_WARN_DEPRECATED_OBJC_IMPLEMENTATIONS = YES;
				CLANG_WARN_DIRECT_OBJC_ISA_USAGE = YES_ERROR;
				CLANG_WARN_DOCUMENTATION_COMMENTS = YES;
				CLANG_WARN_EMPTY_BODY = YES;
				CLANG_WARN_ENUM_CONVERSION = YES;
				CLANG_WARN_INFINITE_RECURSION = YES;
				CLANG_WARN_INT_CONVERSION = YES;
				CLANG_WARN_NON_LITERAL_NULL_CONVERSION = YES;
				CLANG_WARN_OBJC_IMPLICIT_RETAIN_SELF = YES;
				CLANG_WARN_OBJC_LITERAL_CONVERSION = YES;
				CLANG_WARN_OBJC_ROOT_CLASS = YES_ERROR;
				CLANG_WARN_QUOTED_INCLUDE_IN_FRAMEWORK_HEADER = YES;
				CLANG_WARN_RANGE_LOOP_ANALYSIS = YES;
				CLANG_WARN_STRICT_PROTOTYPES = YES;
				CLANG_WARN_SUSPICIOUS_MOVE = YES;
				CLANG_WARN_UNGUARDED_AVAILABILITY = YES_AGGRESSIVE;
				CLANG_WARN_UNREACHABLE_CODE = YES;
				CLANG_WARN__DUPLICATE_METHOD_MATCH = YES;
				COPY_PHASE_STRIP = NO;
				DEBUG_INFORMATION_FORMAT = dwarf;
				ENABLE_STRICT_OBJC_MSGSEND = YES;
				ENABLE_TESTABILITY = YES;
				GCC_C_LANGUAGE_STANDARD = gnu11;
				GCC_DYNAMIC_NO_PIC = NO;
				GCC_NO_COMMON_BLOCKS = YES;
				GCC_OPTIMIZATION_LEVEL = 0;
				GCC_PREPROCESSOR_DEFINITIONS = (
					"DEBUG=1",
					"$(inherited)",
				);
				GCC_WARN_64_TO_32_BIT_CONVERSION = YES;
				GCC_WARN_ABOUT_RETURN_TYPE = YES_ERROR;
				GCC_WARN_UNDECLARED_SELECTOR = YES;
				GCC_WARN_UNINITIALIZED_AUTOS = YES_AGGRESSIVE;
				GCC_WARN_UNUSED_FUNCTION = YES;
				GCC_WARN_UNUSED_VARIABLE = YES;
				IPHONEOS_DEPLOYMENT_TARGET = 16.4;
				MTL_ENABLE_DEBUG_INFO = INCLUDE_SOURCE;
				MTL_FAST_MATH = YES;
				ONLY_ACTIVE_ARCH = YES;
				SDKROOT = iphoneos;
				SWIFT_ACTIVE_COMPILATION_CONDITIONS = DEBUG;
				SWIFT_OPTIMIZATION_LEVEL = "-Onone";
			};
			name = Debug;
		};
		F53E26C02A210FE600E5CFB6 /* Release */ = {
			isa = XCBuildConfiguration;
			buildSettings = {
				ALWAYS_SEARCH_USER_PATHS = NO;
				CLANG_ANALYZER_NONNULL = YES;
				CLANG_ANALYZER_NUMBER_OBJECT_CONVERSION = YES_AGGRESSIVE;
				CLANG_CXX_LANGUAGE_STANDARD = "gnu++20";
				CLANG_ENABLE_MODULES = YES;
				CLANG_ENABLE_OBJC_ARC = YES;
				CLANG_ENABLE_OBJC_WEAK = YES;
				CLANG_WARN_BLOCK_CAPTURE_AUTORELEASING = YES;
				CLANG_WARN_BOOL_CONVERSION = YES;
				CLANG_WARN_COMMA = YES;
				CLANG_WARN_CONSTANT_CONVERSION = YES;
				CLANG_WARN_DEPRECATED_OBJC_IMPLEMENTATIONS = YES;
				CLANG_WARN_DIRECT_OBJC_ISA_USAGE = YES_ERROR;
				CLANG_WARN_DOCUMENTATION_COMMENTS = YES;
				CLANG_WARN_EMPTY_BODY = YES;
				CLANG_WARN_ENUM_CONVERSION = YES;
				CLANG_WARN_INFINITE_RECURSION = YES;
				CLANG_WARN_INT_CONVERSION = YES;
				CLANG_WARN_NON_LITERAL_NULL_CONVERSION = YES;
				CLANG_WARN_OBJC_IMPLICIT_RETAIN_SELF = YES;
				CLANG_WARN_OBJC_LITERAL_CONVERSION = YES;
				CLANG_WARN_OBJC_ROOT_CLASS = YES_ERROR;
				CLANG_WARN_QUOTED_INCLUDE_IN_FRAMEWORK_HEADER = YES;
				CLANG_WARN_RANGE_LOOP_ANALYSIS = YES;
				CLANG_WARN_STRICT_PROTOTYPES = YES;
				CLANG_WARN_SUSPICIOUS_MOVE = YES;
				CLANG_WARN_UNGUARDED_AVAILABILITY = YES_AGGRESSIVE;
				CLANG_WARN_UNREACHABLE_CODE = YES;
				CLANG_WARN__DUPLICATE_METHOD_MATCH = YES;
				COPY_PHASE_STRIP = NO;
				DEBUG_INFORMATION_FORMAT = "dwarf-with-dsym";
				ENABLE_NS_ASSERTIONS = NO;
				ENABLE_STRICT_OBJC_MSGSEND = YES;
				GCC_C_LANGUAGE_STANDARD = gnu11;
				GCC_NO_COMMON_BLOCKS = YES;
				GCC_WARN_64_TO_32_BIT_CONVERSION = YES;
				GCC_WARN_ABOUT_RETURN_TYPE = YES_ERROR;
				GCC_WARN_UNDECLARED_SELECTOR = YES;
				GCC_WARN_UNINITIALIZED_AUTOS = YES_AGGRESSIVE;
				GCC_WARN_UNUSED_FUNCTION = YES;
				GCC_WARN_UNUSED_VARIABLE = YES;
				IPHONEOS_DEPLOYMENT_TARGET = 16.4;
				MTL_ENABLE_DEBUG_INFO = NO;
				MTL_FAST_MATH = YES;
				SDKROOT = iphoneos;
				SWIFT_COMPILATION_MODE = wholemodule;
				SWIFT_OPTIMIZATION_LEVEL = "-O";
				VALIDATE_PRODUCT = YES;
			};
			name = Release;
		};
		F53E26C22A210FE600E5CFB6 /* Debug */ = {
			isa = XCBuildConfiguration;
			buildSettings = {
				ASSETCATALOG_COMPILER_APPICON_NAME = AppIcon;
				ASSETCATALOG_COMPILER_GLOBAL_ACCENT_COLOR_NAME = AccentColor;
				CODE_SIGN_STYLE = Automatic;
				CURRENT_PROJECT_VERSION = 1;
				DEVELOPMENT_TEAM = XYC727LR27;
				GENERATE_INFOPLIST_FILE = YES;
				INFOPLIST_FILE = NetflixStyleSampleApp/Info.plist;
				INFOPLIST_KEY_UIApplicationSupportsIndirectInputEvents = YES;
				INFOPLIST_KEY_UILaunchStoryboardName = LaunchScreen;
				INFOPLIST_KEY_UISupportedInterfaceOrientations_iPad = "UIInterfaceOrientationPortrait UIInterfaceOrientationPortraitUpsideDown UIInterfaceOrientationLandscapeLeft UIInterfaceOrientationLandscapeRight";
				INFOPLIST_KEY_UISupportedInterfaceOrientations_iPhone = "UIInterfaceOrientationPortrait UIInterfaceOrientationLandscapeLeft UIInterfaceOrientationLandscapeRight";
				LD_RUNPATH_SEARCH_PATHS = (
					"$(inherited)",
					"@executable_path/Frameworks",
				);
				MARKETING_VERSION = 1.0;
				PRODUCT_BUNDLE_IDENTIFIER = sso.NetflixStyleSampleApp;
				PRODUCT_NAME = "$(TARGET_NAME)";
				SWIFT_EMIT_LOC_STRINGS = YES;
				SWIFT_VERSION = 5.0;
				TARGETED_DEVICE_FAMILY = "1,2";
			};
			name = Debug;
		};
		F53E26C32A210FE600E5CFB6 /* Release */ = {
			isa = XCBuildConfiguration;
			buildSettings = {
				ASSETCATALOG_COMPILER_APPICON_NAME = AppIcon;
				ASSETCATALOG_COMPILER_GLOBAL_ACCENT_COLOR_NAME = AccentColor;
				CODE_SIGN_STYLE = Automatic;
				CURRENT_PROJECT_VERSION = 1;
				DEVELOPMENT_TEAM = XYC727LR27;
				GENERATE_INFOPLIST_FILE = YES;
				INFOPLIST_FILE = NetflixStyleSampleApp/Info.plist;
				INFOPLIST_KEY_UIApplicationSupportsIndirectInputEvents = YES;
				INFOPLIST_KEY_UILaunchStoryboardName = LaunchScreen;
				INFOPLIST_KEY_UISupportedInterfaceOrientations_iPad = "UIInterfaceOrientationPortrait UIInterfaceOrientationPortraitUpsideDown UIInterfaceOrientationLandscapeLeft UIInterfaceOrientationLandscapeRight";
				INFOPLIST_KEY_UISupportedInterfaceOrientations_iPhone = "UIInterfaceOrientationPortrait UIInterfaceOrientationLandscapeLeft UIInterfaceOrientationLandscapeRight";
				LD_RUNPATH_SEARCH_PATHS = (
					"$(inherited)",
					"@executable_path/Frameworks",
				);
				MARKETING_VERSION = 1.0;
				PRODUCT_BUNDLE_IDENTIFIER = sso.NetflixStyleSampleApp;
				PRODUCT_NAME = "$(TARGET_NAME)";
				SWIFT_EMIT_LOC_STRINGS = YES;
				SWIFT_VERSION = 5.0;
				TARGETED_DEVICE_FAMILY = "1,2";
			};
			name = Release;
		};
/* End XCBuildConfiguration section */

/* Begin XCConfigurationList section */
		F53E26A82A210FE500E5CFB6 /* Build configuration list for PBXProject "NetflixStyleSampleApp" */ = {
			isa = XCConfigurationList;
			buildConfigurations = (
				F53E26BF2A210FE600E5CFB6 /* Debug */,
				F53E26C02A210FE600E5CFB6 /* Release */,
			);
			defaultConfigurationIsVisible = 0;
			defaultConfigurationName = Release;
		};
		F53E26C12A210FE600E5CFB6 /* Build configuration list for PBXNativeTarget "NetflixStyleSampleApp" */ = {
			isa = XCConfigurationList;
			buildConfigurations = (
				F53E26C22A210FE600E5CFB6 /* Debug */,
				F53E26C32A210FE600E5CFB6 /* Release */,
			);
			defaultConfigurationIsVisible = 0;
			defaultConfigurationName = Release;
		};
/* End XCConfigurationList section */

/* Begin XCRemoteSwiftPackageReference section */
		F53E26C62A21119B00E5CFB6 /* XCRemoteSwiftPackageReference "SnapKit" */ = {
			isa = XCRemoteSwiftPackageReference;
			repositoryURL = "https://github.com/SnapKit/SnapKit.git";
			requirement = {
				kind = upToNextMajorVersion;
				minimumVersion = 5.0.0;
			};
		};
/* End XCRemoteSwiftPackageReference section */

/* Begin XCSwiftPackageProductDependency section */
		F53E26C72A21119B00E5CFB6 /* SnapKit */ = {
			isa = XCSwiftPackageProductDependency;
			package = F53E26C62A21119B00E5CFB6 /* XCRemoteSwiftPackageReference "SnapKit" */;
			productName = SnapKit;
		};
/* End XCSwiftPackageProductDependency section */
	};
	rootObject = F53E26A52A210FE500E5CFB6 /* Project object */;
}
