// !$*UTF8*$!
{
	archiveVersion = 1;
	classes = {
	};
	objectVersion = 56;
	objects = {

/* Begin PBXBuildFile section */
		F546AAD92A43CBEF0087A343 /* RankingFeature.plist in Resources */ = {isa = PBXBuildFile; fileRef = F546AAD62A43CBEB0087A343 /* RankingFeature.plist */; };
		F546AADA2A43CBEF0087A343 /* Feature.plist in Resources */ = {isa = PBXBuildFile; fileRef = F546AAD72A43CBEE0087A343 /* Feature.plist */; };
		F546AADB2A43CBEF0087A343 /* Today.plist in Resources */ = {isa = PBXBuildFile; fileRef = F546AAD82A43CBEF0087A343 /* Today.plist */; };
		F546AADE2A43CCE60087A343 /* Today.swift in Sources */ = {isa = PBXBuildFile; fileRef = F546AADD2A43CCE60087A343 /* Today.swift */; };
		F546AAE02A43CD480087A343 /* Feature.swift in Sources */ = {isa = PBXBuildFile; fileRef = F546AADF2A43CD480087A343 /* Feature.swift */; };
		F546AAE22A43CD9A0087A343 /* RankingFeature.swift in Sources */ = {isa = PBXBuildFile; fileRef = F546AAE12A43CD9A0087A343 /* RankingFeature.swift */; };
		F56019E52A2B041D007EBA33 /* TodayCollectionVeiwCell.swift in Sources */ = {isa = PBXBuildFile; fileRef = F56019E42A2B041D007EBA33 /* TodayCollectionVeiwCell.swift */; };
		F56019E72A2B09C8007EBA33 /* TodayCollectionHeaderView.swift in Sources */ = {isa = PBXBuildFile; fileRef = F56019E62A2B09C8007EBA33 /* TodayCollectionHeaderView.swift */; };
		F56019E92A2B108C007EBA33 /* AppViewController.swift in Sources */ = {isa = PBXBuildFile; fileRef = F56019E82A2B108C007EBA33 /* AppViewController.swift */; };
		F56019EC2A2B1874007EBA33 /* FeatureSectionView.swift in Sources */ = {isa = PBXBuildFile; fileRef = F56019EB2A2B1873007EBA33 /* FeatureSectionView.swift */; };
		F56019EE2A2B1B4F007EBA33 /* FeatureSectionCollectionViewCell.swift in Sources */ = {isa = PBXBuildFile; fileRef = F56019ED2A2B1B4F007EBA33 /* FeatureSectionCollectionViewCell.swift */; };
		F56019F02A2BABC7007EBA33 /* SeparatorView.swift in Sources */ = {isa = PBXBuildFile; fileRef = F56019EF2A2BABC7007EBA33 /* SeparatorView.swift */; };
		F56019F22A2BB277007EBA33 /* RankingFeatureSectionView.swift in Sources */ = {isa = PBXBuildFile; fileRef = F56019F12A2BB277007EBA33 /* RankingFeatureSectionView.swift */; };
		F56019F42A2BBBA1007EBA33 /* RankingFeatureCollectionViewCell.swift in Sources */ = {isa = PBXBuildFile; fileRef = F56019F32A2BBBA1007EBA33 /* RankingFeatureCollectionViewCell.swift */; };
		F56019F62A2CEF6F007EBA33 /* exchangeCodeButtonView.swift in Sources */ = {isa = PBXBuildFile; fileRef = F56019F52A2CEF6F007EBA33 /* exchangeCodeButtonView.swift */; };
		F56019F82A2CF240007EBA33 /* AppDetailViewController.swift in Sources */ = {isa = PBXBuildFile; fileRef = F56019F72A2CF240007EBA33 /* AppDetailViewController.swift */; };
		F592B4DB2A2A58C400815A43 /* AppDelegate.swift in Sources */ = {isa = PBXBuildFile; fileRef = F592B4DA2A2A58C400815A43 /* AppDelegate.swift */; };
		F592B4DD2A2A58C400815A43 /* SceneDelegate.swift in Sources */ = {isa = PBXBuildFile; fileRef = F592B4DC2A2A58C400815A43 /* SceneDelegate.swift */; };
		F592B4DF2A2A58C400815A43 /* TabBarController.swift in Sources */ = {isa = PBXBuildFile; fileRef = F592B4DE2A2A58C400815A43 /* TabBarController.swift */; };
		F592B4E42A2A58C400815A43 /* Assets.xcassets in Resources */ = {isa = PBXBuildFile; fileRef = F592B4E32A2A58C400815A43 /* Assets.xcassets */; };
		F592B4E72A2A58C400815A43 /* LaunchScreen.storyboard in Resources */ = {isa = PBXBuildFile; fileRef = F592B4E52A2A58C400815A43 /* LaunchScreen.storyboard */; };
		F592B4F02A2A59DE00815A43 /* SnapKit in Frameworks */ = {isa = PBXBuildFile; productRef = F592B4EF2A2A59DE00815A43 /* SnapKit */; };
		F592B4F32A2A59EA00815A43 /* Kingfisher in Frameworks */ = {isa = PBXBuildFile; productRef = F592B4F22A2A59EA00815A43 /* Kingfisher */; };
		F5D0DAD12A2A5CDE00A17F9B /* TodayViewController.swift in Sources */ = {isa = PBXBuildFile; fileRef = F5D0DAD02A2A5CDE00A17F9B /* TodayViewController.swift */; };
/* End PBXBuildFile section */

/* Begin PBXFileReference section */
		F546AAD62A43CBEB0087A343 /* RankingFeature.plist */ = {isa = PBXFileReference; fileEncoding = 4; lastKnownFileType = text.plist.xml; path = RankingFeature.plist; sourceTree = "<group>"; };
		F546AAD72A43CBEE0087A343 /* Feature.plist */ = {isa = PBXFileReference; fileEncoding = 4; lastKnownFileType = text.plist.xml; path = Feature.plist; sourceTree = "<group>"; };
		F546AAD82A43CBEF0087A343 /* Today.plist */ = {isa = PBXFileReference; fileEncoding = 4; lastKnownFileType = text.plist.xml; path = Today.plist; sourceTree = "<group>"; };
		F546AADD2A43CCE60087A343 /* Today.swift */ = {isa = PBXFileReference; lastKnownFileType = sourcecode.swift; path = Today.swift; sourceTree = "<group>"; };
		F546AADF2A43CD480087A343 /* Feature.swift */ = {isa = PBXFileReference; lastKnownFileType = sourcecode.swift; path = Feature.swift; sourceTree = "<group>"; };
		F546AAE12A43CD9A0087A343 /* RankingFeature.swift */ = {isa = PBXFileReference; lastKnownFileType = sourcecode.swift; path = RankingFeature.swift; sourceTree = "<group>"; };
		F56019E42A2B041D007EBA33 /* TodayCollectionVeiwCell.swift */ = {isa = PBXFileReference; lastKnownFileType = sourcecode.swift; path = TodayCollectionVeiwCell.swift; sourceTree = "<group>"; };
		F56019E62A2B09C8007EBA33 /* TodayCollectionHeaderView.swift */ = {isa = PBXFileReference; lastKnownFileType = sourcecode.swift; path = TodayCollectionHeaderView.swift; sourceTree = "<group>"; };
		F56019E82A2B108C007EBA33 /* AppViewController.swift */ = {isa = PBXFileReference; lastKnownFileType = sourcecode.swift; path = AppViewController.swift; sourceTree = "<group>"; };
		F56019EB2A2B1873007EBA33 /* FeatureSectionView.swift */ = {isa = PBXFileReference; lastKnownFileType = sourcecode.swift; path = FeatureSectionView.swift; sourceTree = "<group>"; };
		F56019ED2A2B1B4F007EBA33 /* FeatureSectionCollectionViewCell.swift */ = {isa = PBXFileReference; lastKnownFileType = sourcecode.swift; path = FeatureSectionCollectionViewCell.swift; sourceTree = "<group>"; };
		F56019EF2A2BABC7007EBA33 /* SeparatorView.swift */ = {isa = PBXFileReference; lastKnownFileType = sourcecode.swift; path = SeparatorView.swift; sourceTree = "<group>"; };
		F56019F12A2BB277007EBA33 /* RankingFeatureSectionView.swift */ = {isa = PBXFileReference; lastKnownFileType = sourcecode.swift; path = RankingFeatureSectionView.swift; sourceTree = "<group>"; };
		F56019F32A2BBBA1007EBA33 /* RankingFeatureCollectionViewCell.swift */ = {isa = PBXFileReference; lastKnownFileType = sourcecode.swift; path = RankingFeatureCollectionViewCell.swift; sourceTree = "<group>"; };
		F56019F52A2CEF6F007EBA33 /* exchangeCodeButtonView.swift */ = {isa = PBXFileReference; lastKnownFileType = sourcecode.swift; path = exchangeCodeButtonView.swift; sourceTree = "<group>"; };
		F56019F72A2CF240007EBA33 /* AppDetailViewController.swift */ = {isa = PBXFileReference; lastKnownFileType = sourcecode.swift; path = AppDetailViewController.swift; sourceTree = "<group>"; };
		F592B4D72A2A58C400815A43 /* AppStore.app */ = {isa = PBXFileReference; explicitFileType = wrapper.application; includeInIndex = 0; path = AppStore.app; sourceTree = BUILT_PRODUCTS_DIR; };
		F592B4DA2A2A58C400815A43 /* AppDelegate.swift */ = {isa = PBXFileReference; lastKnownFileType = sourcecode.swift; path = AppDelegate.swift; sourceTree = "<group>"; };
		F592B4DC2A2A58C400815A43 /* SceneDelegate.swift */ = {isa = PBXFileReference; lastKnownFileType = sourcecode.swift; path = SceneDelegate.swift; sourceTree = "<group>"; };
		F592B4DE2A2A58C400815A43 /* TabBarController.swift */ = {isa = PBXFileReference; lastKnownFileType = sourcecode.swift; path = TabBarController.swift; sourceTree = "<group>"; };
		F592B4E32A2A58C400815A43 /* Assets.xcassets */ = {isa = PBXFileReference; lastKnownFileType = folder.assetcatalog; path = Assets.xcassets; sourceTree = "<group>"; };
		F592B4E62A2A58C400815A43 /* Base */ = {isa = PBXFileReference; lastKnownFileType = file.storyboard; name = Base; path = Base.lproj/LaunchScreen.storyboard; sourceTree = "<group>"; };
		F592B4E82A2A58C400815A43 /* Info.plist */ = {isa = PBXFileReference; lastKnownFileType = text.plist.xml; path = Info.plist; sourceTree = "<group>"; };
		F5D0DAD02A2A5CDE00A17F9B /* TodayViewController.swift */ = {isa = PBXFileReference; lastKnownFileType = sourcecode.swift; path = TodayViewController.swift; sourceTree = "<group>"; };
/* End PBXFileReference section */

/* Begin PBXFrameworksBuildPhase section */
		F592B4D42A2A58C400815A43 /* Frameworks */ = {
			isa = PBXFrameworksBuildPhase;
			buildActionMask = 2147483647;
			files = (
				F592B4F32A2A59EA00815A43 /* Kingfisher in Frameworks */,
				F592B4F02A2A59DE00815A43 /* SnapKit in Frameworks */,
			);
			runOnlyForDeploymentPostprocessing = 0;
		};
/* End PBXFrameworksBuildPhase section */

/* Begin PBXGroup section */
		F546AADC2A43CBF60087A343 /* Data */ = {
			isa = PBXGroup;
			children = (
				F546AAD72A43CBEE0087A343 /* Feature.plist */,
				F546AAD62A43CBEB0087A343 /* RankingFeature.plist */,
				F546AAD82A43CBEF0087A343 /* Today.plist */,
			);
			path = Data;
			sourceTree = "<group>";
		};
		F56019EA2A2B108F007EBA33 /* App */ = {
			isa = PBXGroup;
			children = (
				F56019E82A2B108C007EBA33 /* AppViewController.swift */,
				F56019EB2A2B1873007EBA33 /* FeatureSectionView.swift */,
				F56019ED2A2B1B4F007EBA33 /* FeatureSectionCollectionViewCell.swift */,
				F56019EF2A2BABC7007EBA33 /* SeparatorView.swift */,
				F56019F12A2BB277007EBA33 /* RankingFeatureSectionView.swift */,
				F56019F32A2BBBA1007EBA33 /* RankingFeatureCollectionViewCell.swift */,
				F56019F52A2CEF6F007EBA33 /* exchangeCodeButtonView.swift */,
			);
			path = App;
			sourceTree = "<group>";
		};
		F592B4CE2A2A58C400815A43 = {
			isa = PBXGroup;
			children = (
				F592B4D92A2A58C400815A43 /* AppStore */,
				F592B4D82A2A58C400815A43 /* Products */,
			);
			sourceTree = "<group>";
		};
		F592B4D82A2A58C400815A43 /* Products */ = {
			isa = PBXGroup;
			children = (
				F592B4D72A2A58C400815A43 /* AppStore.app */,
			);
			name = Products;
			sourceTree = "<group>";
		};
		F592B4D92A2A58C400815A43 /* AppStore */ = {
			isa = PBXGroup;
			children = (
				F592B4DA2A2A58C400815A43 /* AppDelegate.swift */,
				F592B4DC2A2A58C400815A43 /* SceneDelegate.swift */,
				F546AADC2A43CBF60087A343 /* Data */,
				F592B4F42A2A5C8600815A43 /* Scenes */,
				F592B4E32A2A58C400815A43 /* Assets.xcassets */,
				F592B4E52A2A58C400815A43 /* LaunchScreen.storyboard */,
				F592B4E82A2A58C400815A43 /* Info.plist */,
				F546AADD2A43CCE60087A343 /* Today.swift */,
				F546AADF2A43CD480087A343 /* Feature.swift */,
				F546AAE12A43CD9A0087A343 /* RankingFeature.swift */,
			);
			path = AppStore;
			sourceTree = "<group>";
		};
		F592B4F42A2A5C8600815A43 /* Scenes */ = {
			isa = PBXGroup;
			children = (
				F56019EA2A2B108F007EBA33 /* App */,
				F592B4F52A2A5CA300815A43 /* Today */,
				F592B4DE2A2A58C400815A43 /* TabBarController.swift */,
				F56019F72A2CF240007EBA33 /* AppDetailViewController.swift */,
			);
			path = Scenes;
			sourceTree = "<group>";
		};
		F592B4F52A2A5CA300815A43 /* Today */ = {
			isa = PBXGroup;
			children = (
				F5D0DAD02A2A5CDE00A17F9B /* TodayViewController.swift */,
				F56019E42A2B041D007EBA33 /* TodayCollectionVeiwCell.swift */,
				F56019E62A2B09C8007EBA33 /* TodayCollectionHeaderView.swift */,
			);
			path = Today;
			sourceTree = "<group>";
		};
/* End PBXGroup section */

/* Begin PBXNativeTarget section */
		F592B4D62A2A58C400815A43 /* AppStore */ = {
			isa = PBXNativeTarget;
			buildConfigurationList = F592B4EB2A2A58C400815A43 /* Build configuration list for PBXNativeTarget "AppStore" */;
			buildPhases = (
				F592B4D32A2A58C400815A43 /* Sources */,
				F592B4D42A2A58C400815A43 /* Frameworks */,
				F592B4D52A2A58C400815A43 /* Resources */,
			);
			buildRules = (
			);
			dependencies = (
			);
			name = AppStore;
			packageProductDependencies = (
				F592B4EF2A2A59DE00815A43 /* SnapKit */,
				F592B4F22A2A59EA00815A43 /* Kingfisher */,
			);
			productName = AppStore;
			productReference = F592B4D72A2A58C400815A43 /* AppStore.app */;
			productType = "com.apple.product-type.application";
		};
/* End PBXNativeTarget section */

/* Begin PBXProject section */
		F592B4CF2A2A58C400815A43 /* Project object */ = {
			isa = PBXProject;
			attributes = {
				BuildIndependentTargetsInParallel = 1;
				LastSwiftUpdateCheck = 1430;
				LastUpgradeCheck = 1430;
				TargetAttributes = {
					F592B4D62A2A58C400815A43 = {
						CreatedOnToolsVersion = 14.3;
					};
				};
			};
			buildConfigurationList = F592B4D22A2A58C400815A43 /* Build configuration list for PBXProject "AppStore" */;
			compatibilityVersion = "Xcode 14.0";
			developmentRegion = en;
			hasScannedForEncodings = 0;
			knownRegions = (
				en,
				Base,
			);
			mainGroup = F592B4CE2A2A58C400815A43;
			packageReferences = (
				F592B4EE2A2A59DE00815A43 /* XCRemoteSwiftPackageReference "SnapKit" */,
				F592B4F12A2A59EA00815A43 /* XCRemoteSwiftPackageReference "Kingfisher" */,
			);
			productRefGroup = F592B4D82A2A58C400815A43 /* Products */;
			projectDirPath = "";
			projectRoot = "";
			targets = (
				F592B4D62A2A58C400815A43 /* AppStore */,
			);
		};
/* End PBXProject section */

/* Begin PBXResourcesBuildPhase section */
		F592B4D52A2A58C400815A43 /* Resources */ = {
			isa = PBXResourcesBuildPhase;
			buildActionMask = 2147483647;
			files = (
				F546AAD92A43CBEF0087A343 /* RankingFeature.plist in Resources */,
				F546AADB2A43CBEF0087A343 /* Today.plist in Resources */,
				F592B4E72A2A58C400815A43 /* LaunchScreen.storyboard in Resources */,
				F592B4E42A2A58C400815A43 /* Assets.xcassets in Resources */,
				F546AADA2A43CBEF0087A343 /* Feature.plist in Resources */,
			);
			runOnlyForDeploymentPostprocessing = 0;
		};
/* End PBXResourcesBuildPhase section */

/* Begin PBXSourcesBuildPhase section */
		F592B4D32A2A58C400815A43 /* Sources */ = {
			isa = PBXSourcesBuildPhase;
			buildActionMask = 2147483647;
			files = (
				F5D0DAD12A2A5CDE00A17F9B /* TodayViewController.swift in Sources */,
				F546AADE2A43CCE60087A343 /* Today.swift in Sources */,
				F56019F62A2CEF6F007EBA33 /* exchangeCodeButtonView.swift in Sources */,
				F56019E52A2B041D007EBA33 /* TodayCollectionVeiwCell.swift in Sources */,
				F546AAE22A43CD9A0087A343 /* RankingFeature.swift in Sources */,
				F546AAE02A43CD480087A343 /* Feature.swift in Sources */,
				F56019F02A2BABC7007EBA33 /* SeparatorView.swift in Sources */,
				F592B4DF2A2A58C400815A43 /* TabBarController.swift in Sources */,
				F56019E72A2B09C8007EBA33 /* TodayCollectionHeaderView.swift in Sources */,
				F56019E92A2B108C007EBA33 /* AppViewController.swift in Sources */,
				F56019EE2A2B1B4F007EBA33 /* FeatureSectionCollectionViewCell.swift in Sources */,
				F592B4DB2A2A58C400815A43 /* AppDelegate.swift in Sources */,
				F592B4DD2A2A58C400815A43 /* SceneDelegate.swift in Sources */,
				F56019EC2A2B1874007EBA33 /* FeatureSectionView.swift in Sources */,
				F56019F82A2CF240007EBA33 /* AppDetailViewController.swift in Sources */,
				F56019F42A2BBBA1007EBA33 /* RankingFeatureCollectionViewCell.swift in Sources */,
				F56019F22A2BB277007EBA33 /* RankingFeatureSectionView.swift in Sources */,
			);
			runOnlyForDeploymentPostprocessing = 0;
		};
/* End PBXSourcesBuildPhase section */

/* Begin PBXVariantGroup section */
		F592B4E52A2A58C400815A43 /* LaunchScreen.storyboard */ = {
			isa = PBXVariantGroup;
			children = (
				F592B4E62A2A58C400815A43 /* Base */,
			);
			name = LaunchScreen.storyboard;
			sourceTree = "<group>";
		};
/* End PBXVariantGroup section */

/* Begin XCBuildConfiguration section */
		F592B4E92A2A58C400815A43 /* Debug */ = {
			isa = XCBuildConfiguration;
			buildSettings = {
				ALWAYS_SEARCH_USER_PATHS = NO;
				CLANG_ANALYZER_NONNULL = YES;
				CLANG_ANALYZER_NUMBER_OBJECT_CONVERSION = YES_AGGRESSIVE;
				CLANG_CXX_LANGUAGE_STANDARD = "gnu++20";
				CLANG_ENABLE_MODULES = YES;
				CLANG_ENABLE_OBJC_ARC = YES;
				CLANG_ENABLE_OBJC_WEAK = YES;
				CLANG_WARN_BLOCK_CAPTURE_AUTORELEASING = YES;
				CLANG_WARN_BOOL_CONVERSION = YES;
				CLANG_WARN_COMMA = YES;
				CLANG_WARN_CONSTANT_CONVERSION = YES;
				CLANG_WARN_DEPRECATED_OBJC_IMPLEMENTATIONS = YES;
				CLANG_WARN_DIRECT_OBJC_ISA_USAGE = YES_ERROR;
				CLANG_WARN_DOCUMENTATION_COMMENTS = YES;
				CLANG_WARN_EMPTY_BODY = YES;
				CLANG_WARN_ENUM_CONVERSION = YES;
				CLANG_WARN_INFINITE_RECURSION = YES;
				CLANG_WARN_INT_CONVERSION = YES;
				CLANG_WARN_NON_LITERAL_NULL_CONVERSION = YES;
				CLANG_WARN_OBJC_IMPLICIT_RETAIN_SELF = YES;
				CLANG_WARN_OBJC_LITERAL_CONVERSION = YES;
				CLANG_WARN_OBJC_ROOT_CLASS = YES_ERROR;
				CLANG_WARN_QUOTED_INCLUDE_IN_FRAMEWORK_HEADER = YES;
				CLANG_WARN_RANGE_LOOP_ANALYSIS = YES;
				CLANG_WARN_STRICT_PROTOTYPES = YES;
				CLANG_WARN_SUSPICIOUS_MOVE = YES;
				CLANG_WARN_UNGUARDED_AVAILABILITY = YES_AGGRESSIVE;
				CLANG_WARN_UNREACHABLE_CODE = YES;
				CLANG_WARN__DUPLICATE_METHOD_MATCH = YES;
				COPY_PHASE_STRIP = NO;
				DEBUG_INFORMATION_FORMAT = dwarf;
				ENABLE_STRICT_OBJC_MSGSEND = YES;
				ENABLE_TESTABILITY = YES;
				GCC_C_LANGUAGE_STANDARD = gnu11;
				GCC_DYNAMIC_NO_PIC = NO;
				GCC_NO_COMMON_BLOCKS = YES;
				GCC_OPTIMIZATION_LEVEL = 0;
				GCC_PREPROCESSOR_DEFINITIONS = (
					"DEBUG=1",
					"$(inherited)",
				);
				GCC_WARN_64_TO_32_BIT_CONVERSION = YES;
				GCC_WARN_ABOUT_RETURN_TYPE = YES_ERROR;
				GCC_WARN_UNDECLARED_SELECTOR = YES;
				GCC_WARN_UNINITIALIZED_AUTOS = YES_AGGRESSIVE;
				GCC_WARN_UNUSED_FUNCTION = YES;
				GCC_WARN_UNUSED_VARIABLE = YES;
				IPHONEOS_DEPLOYMENT_TARGET = 16.4;
				MTL_ENABLE_DEBUG_INFO = INCLUDE_SOURCE;
				MTL_FAST_MATH = YES;
				ONLY_ACTIVE_ARCH = YES;
				SDKROOT = iphoneos;
				SWIFT_ACTIVE_COMPILATION_CONDITIONS = DEBUG;
				SWIFT_OPTIMIZATION_LEVEL = "-Onone";
			};
			name = Debug;
		};
		F592B4EA2A2A58C400815A43 /* Release */ = {
			isa = XCBuildConfiguration;
			buildSettings = {
				ALWAYS_SEARCH_USER_PATHS = NO;
				CLANG_ANALYZER_NONNULL = YES;
				CLANG_ANALYZER_NUMBER_OBJECT_CONVERSION = YES_AGGRESSIVE;
				CLANG_CXX_LANGUAGE_STANDARD = "gnu++20";
				CLANG_ENABLE_MODULES = YES;
				CLANG_ENABLE_OBJC_ARC = YES;
				CLANG_ENABLE_OBJC_WEAK = YES;
				CLANG_WARN_BLOCK_CAPTURE_AUTORELEASING = YES;
				CLANG_WARN_BOOL_CONVERSION = YES;
				CLANG_WARN_COMMA = YES;
				CLANG_WARN_CONSTANT_CONVERSION = YES;
				CLANG_WARN_DEPRECATED_OBJC_IMPLEMENTATIONS = YES;
				CLANG_WARN_DIRECT_OBJC_ISA_USAGE = YES_ERROR;
				CLANG_WARN_DOCUMENTATION_COMMENTS = YES;
				CLANG_WARN_EMPTY_BODY = YES;
				CLANG_WARN_ENUM_CONVERSION = YES;
				CLANG_WARN_INFINITE_RECURSION = YES;
				CLANG_WARN_INT_CONVERSION = YES;
				CLANG_WARN_NON_LITERAL_NULL_CONVERSION = YES;
				CLANG_WARN_OBJC_IMPLICIT_RETAIN_SELF = YES;
				CLANG_WARN_OBJC_LITERAL_CONVERSION = YES;
				CLANG_WARN_OBJC_ROOT_CLASS = YES_ERROR;
				CLANG_WARN_QUOTED_INCLUDE_IN_FRAMEWORK_HEADER = YES;
				CLANG_WARN_RANGE_LOOP_ANALYSIS = YES;
				CLANG_WARN_STRICT_PROTOTYPES = YES;
				CLANG_WARN_SUSPICIOUS_MOVE = YES;
				CLANG_WARN_UNGUARDED_AVAILABILITY = YES_AGGRESSIVE;
				CLANG_WARN_UNREACHABLE_CODE = YES;
				CLANG_WARN__DUPLICATE_METHOD_MATCH = YES;
				COPY_PHASE_STRIP = NO;
				DEBUG_INFORMATION_FORMAT = "dwarf-with-dsym";
				ENABLE_NS_ASSERTIONS = NO;
				ENABLE_STRICT_OBJC_MSGSEND = YES;
				GCC_C_LANGUAGE_STANDARD = gnu11;
				GCC_NO_COMMON_BLOCKS = YES;
				GCC_WARN_64_TO_32_BIT_CONVERSION = YES;
				GCC_WARN_ABOUT_RETURN_TYPE = YES_ERROR;
				GCC_WARN_UNDECLARED_SELECTOR = YES;
				GCC_WARN_UNINITIALIZED_AUTOS = YES_AGGRESSIVE;
				GCC_WARN_UNUSED_FUNCTION = YES;
				GCC_WARN_UNUSED_VARIABLE = YES;
				IPHONEOS_DEPLOYMENT_TARGET = 16.4;
				MTL_ENABLE_DEBUG_INFO = NO;
				MTL_FAST_MATH = YES;
				SDKROOT = iphoneos;
				SWIFT_COMPILATION_MODE = wholemodule;
				SWIFT_OPTIMIZATION_LEVEL = "-O";
				VALIDATE_PRODUCT = YES;
			};
			name = Release;
		};
		F592B4EC2A2A58C400815A43 /* Debug */ = {
			isa = XCBuildConfiguration;
			buildSettings = {
				ASSETCATALOG_COMPILER_APPICON_NAME = AppIcon;
				ASSETCATALOG_COMPILER_GLOBAL_ACCENT_COLOR_NAME = AccentColor;
				CODE_SIGN_STYLE = Automatic;
				CURRENT_PROJECT_VERSION = 1;
				DEVELOPMENT_TEAM = XYC727LR27;
				GENERATE_INFOPLIST_FILE = YES;
				INFOPLIST_FILE = AppStore/Info.plist;
				INFOPLIST_KEY_UIApplicationSupportsIndirectInputEvents = YES;
				INFOPLIST_KEY_UILaunchStoryboardName = LaunchScreen;
				INFOPLIST_KEY_UISupportedInterfaceOrientations_iPad = "UIInterfaceOrientationPortrait UIInterfaceOrientationPortraitUpsideDown UIInterfaceOrientationLandscapeLeft UIInterfaceOrientationLandscapeRight";
				INFOPLIST_KEY_UISupportedInterfaceOrientations_iPhone = "UIInterfaceOrientationPortrait UIInterfaceOrientationLandscapeLeft UIInterfaceOrientationLandscapeRight";
				LD_RUNPATH_SEARCH_PATHS = (
					"$(inherited)",
					"@executable_path/Frameworks",
				);
				MARKETING_VERSION = 1.0;
				PRODUCT_BUNDLE_IDENTIFIER = sso.AppStore;
				PRODUCT_NAME = "$(TARGET_NAME)";
				SWIFT_EMIT_LOC_STRINGS = YES;
				SWIFT_VERSION = 5.0;
				TARGETED_DEVICE_FAMILY = "1,2";
			};
			name = Debug;
		};
		F592B4ED2A2A58C400815A43 /* Release */ = {
			isa = XCBuildConfiguration;
			buildSettings = {
				ASSETCATALOG_COMPILER_APPICON_NAME = AppIcon;
				ASSETCATALOG_COMPILER_GLOBAL_ACCENT_COLOR_NAME = AccentColor;
				CODE_SIGN_STYLE = Automatic;
				CURRENT_PROJECT_VERSION = 1;
				DEVELOPMENT_TEAM = XYC727LR27;
				GENERATE_INFOPLIST_FILE = YES;
				INFOPLIST_FILE = AppStore/Info.plist;
				INFOPLIST_KEY_UIApplicationSupportsIndirectInputEvents = YES;
				INFOPLIST_KEY_UILaunchStoryboardName = LaunchScreen;
				INFOPLIST_KEY_UISupportedInterfaceOrientations_iPad = "UIInterfaceOrientationPortrait UIInterfaceOrientationPortraitUpsideDown UIInterfaceOrientationLandscapeLeft UIInterfaceOrientationLandscapeRight";
				INFOPLIST_KEY_UISupportedInterfaceOrientations_iPhone = "UIInterfaceOrientationPortrait UIInterfaceOrientationLandscapeLeft UIInterfaceOrientationLandscapeRight";
				LD_RUNPATH_SEARCH_PATHS = (
					"$(inherited)",
					"@executable_path/Frameworks",
				);
				MARKETING_VERSION = 1.0;
				PRODUCT_BUNDLE_IDENTIFIER = sso.AppStore;
				PRODUCT_NAME = "$(TARGET_NAME)";
				SWIFT_EMIT_LOC_STRINGS = YES;
				SWIFT_VERSION = 5.0;
				TARGETED_DEVICE_FAMILY = "1,2";
			};
			name = Release;
		};
/* End XCBuildConfiguration section */

/* Begin XCConfigurationList section */
		F592B4D22A2A58C400815A43 /* Build configuration list for PBXProject "AppStore" */ = {
			isa = XCConfigurationList;
			buildConfigurations = (
				F592B4E92A2A58C400815A43 /* Debug */,
				F592B4EA2A2A58C400815A43 /* Release */,
			);
			defaultConfigurationIsVisible = 0;
			defaultConfigurationName = Release;
		};
		F592B4EB2A2A58C400815A43 /* Build configuration list for PBXNativeTarget "AppStore" */ = {
			isa = XCConfigurationList;
			buildConfigurations = (
				F592B4EC2A2A58C400815A43 /* Debug */,
				F592B4ED2A2A58C400815A43 /* Release */,
			);
			defaultConfigurationIsVisible = 0;
			defaultConfigurationName = Release;
		};
/* End XCConfigurationList section */

/* Begin XCRemoteSwiftPackageReference section */
		F592B4EE2A2A59DE00815A43 /* XCRemoteSwiftPackageReference "SnapKit" */ = {
			isa = XCRemoteSwiftPackageReference;
			repositoryURL = "https://github.com/SnapKit/SnapKit.git";
			requirement = {
				kind = upToNextMajorVersion;
				minimumVersion = 5.0.0;
			};
		};
		F592B4F12A2A59EA00815A43 /* XCRemoteSwiftPackageReference "Kingfisher" */ = {
			isa = XCRemoteSwiftPackageReference;
			repositoryURL = "https://github.com/onevcat/Kingfisher.git";
			requirement = {
				kind = upToNextMajorVersion;
				minimumVersion = 7.0.0;
			};
		};
/* End XCRemoteSwiftPackageReference section */

/* Begin XCSwiftPackageProductDependency section */
		F592B4EF2A2A59DE00815A43 /* SnapKit */ = {
			isa = XCSwiftPackageProductDependency;
			package = F592B4EE2A2A59DE00815A43 /* XCRemoteSwiftPackageReference "SnapKit" */;
			productName = SnapKit;
		};
		F592B4F22A2A59EA00815A43 /* Kingfisher */ = {
			isa = XCSwiftPackageProductDependency;
			package = F592B4F12A2A59EA00815A43 /* XCRemoteSwiftPackageReference "Kingfisher" */;
			productName = Kingfisher;
		};
/* End XCSwiftPackageProductDependency section */
	};
	rootObject = F592B4CF2A2A58C400815A43 /* Project object */;
}
